PODS:
  - Transition (0.1.0)

DEPENDENCIES:
  - Transition (from `https://github.com/hyperoslo/Transition.git`, branch `swift2`)

EXTERNAL SOURCES:
  Transition:
    :branch: swift2
    :git: https://github.com/hyperoslo/Transition.git

CHECKOUT OPTIONS:
  Transition:
    :commit: 6158305dc45c80ea52bd40ca81aa5981150aa63c
    :git: https://github.com/hyperoslo/Transition.git

SPEC CHECKSUMS:
  Transition: 66d86e3ae1b8f0b3d9ba2000c7a45fbc17b066f2

COCOAPODS: 0.39.0.beta.4
