// !$*UTF8*$!
{
	archiveVersion = 1;
	classes = {
	};
	objectVersion = 46;
	objects = {

/* Begin PBXBuildFile section */
		1461778419CDBF1F00E46B1D /* Images.xcassets in Resources */ = {isa = PBXBuildFile; fileRef = 1461778319CDBF1F00E46B1D /* Images.xcassets */; };
		14CEFBAE18FFD6FB000952EC /* Localizable.strings in Resources */ = {isa = PBXBuildFile; fileRef = 14CEFBB018FFD6FB000952EC /* Localizable.strings */; };
		14F3768218FFF7EA00359D38 /* AudioToolbox.framework in Frameworks */ = {isa = PBXBuildFile; fileRef = 14F3768118FFF7EA00359D38 /* AudioToolbox.framework */; };
		4409ADB918479AB300E349FF /* AVFoundation.framework in Frameworks */ = {isa = PBXBuildFile; fileRef = 4409ADB818479AB300E349FF /* AVFoundation.framework */; };
		441B581A184E14F600839331 /* kitchenImage@2x.png in Resources */ = {isa = PBXBuildFile; fileRef = 441B5819184E14F600839331 /* kitchenImage@2x.png */; };
		4465EE93184772F9006C145F /* alarm.caf in Resources */ = {isa = PBXBuildFile; fileRef = 4465EE92184772F9006C145F /* alarm.caf */; };
		4473616C1856008B004274DF /* fingerImage@2x.png in Resources */ = {isa = PBXBuildFile; fileRef = 4473616B1856008B004274DF /* fingerImage@2x.png */; };
		449143D118476786008A80F0 /* CoreText.framework in Frameworks */ = {isa = PBXBuildFile; fileRef = 449143D018476786008A80F0 /* CoreText.framework */; };
		449143D318476798008A80F0 /* QuartzCore.framework in Frameworks */ = {isa = PBXBuildFile; fileRef = 449143D218476798008A80F0 /* QuartzCore.framework */; };
		449143D5184767A1008A80F0 /* Security.framework in Frameworks */ = {isa = PBXBuildFile; fileRef = 449143D4184767A1008A80F0 /* Security.framework */; };
		449143D7184767A7008A80F0 /* SystemConfiguration.framework in Frameworks */ = {isa = PBXBuildFile; fileRef = 449143D6184767A7008A80F0 /* SystemConfiguration.framework */; };
		44AAE4121844C0690096BF52 /* Foundation.framework in Frameworks */ = {isa = PBXBuildFile; fileRef = 44AAE4111844C0690096BF52 /* Foundation.framework */; };
		44AAE4141844C0690096BF52 /* CoreGraphics.framework in Frameworks */ = {isa = PBXBuildFile; fileRef = 44AAE4131844C0690096BF52 /* CoreGraphics.framework */; };
		44AAE4161844C0690096BF52 /* UIKit.framework in Frameworks */ = {isa = PBXBuildFile; fileRef = 44AAE4151844C0690096BF52 /* UIKit.framework */; };
		44AAE41C1844C0690096BF52 /* InfoPlist.strings in Resources */ = {isa = PBXBuildFile; fileRef = 44AAE41A1844C0690096BF52 /* InfoPlist.strings */; };
		44AAE42B1844C0690096BF52 /* XCTest.framework in Frameworks */ = {isa = PBXBuildFile; fileRef = 44AAE42A1844C0690096BF52 /* XCTest.framework */; };
		44AAE42C1844C0690096BF52 /* Foundation.framework in Frameworks */ = {isa = PBXBuildFile; fileRef = 44AAE4111844C0690096BF52 /* Foundation.framework */; };
		44AAE42D1844C0690096BF52 /* UIKit.framework in Frameworks */ = {isa = PBXBuildFile; fileRef = 44AAE4151844C0690096BF52 /* UIKit.framework */; };
		44AAE4351844C0690096BF52 /* InfoPlist.strings in Resources */ = {isa = PBXBuildFile; fileRef = 44AAE4331844C0690096BF52 /* InfoPlist.strings */; };
		44AAE4371844C0690096BF52 /* ThymeTests.m in Sources */ = {isa = PBXBuildFile; fileRef = 44AAE4361844C0690096BF52 /* ThymeTests.m */; };
		44AE6685184F4E1C00148398 /* 1-1@2x.png in Resources */ = {isa = PBXBuildFile; fileRef = 44AE6680184F4E1C00148398 /* 1-1@2x.png */; };
		44AE6686184F4E1C00148398 /* 1-0@2x.png in Resources */ = {isa = PBXBuildFile; fileRef = 44AE6681184F4E1C00148398 /* 1-0@2x.png */; };
		44AE6687184F4E1C00148398 /* 0-1@2x.png in Resources */ = {isa = PBXBuildFile; fileRef = 44AE6682184F4E1C00148398 /* 0-1@2x.png */; };
		44AE6688184F4E1C00148398 /* 0-0@2x.png in Resources */ = {isa = PBXBuildFile; fileRef = 44AE6683184F4E1C00148398 /* 0-0@2x.png */; };
		44AE6689184F4E1C00148398 /* oven@2x.png in Resources */ = {isa = PBXBuildFile; fileRef = 44AE6684184F4E1C00148398 /* oven@2x.png */; };
		629F51B26C66E9A24287C335 /* Pods.framework in Frameworks */ = {isa = PBXBuildFile; fileRef = 92212D57F2CB0A81DABE31B6 /* Pods.framework */; settings = {ATTRIBUTES = (Weak, ); }; };
		BD08D10A1B8B82CF009EAD75 /* Screen.swift in Sources */ = {isa = PBXBuildFile; fileRef = BD08D1091B8B82CF009EAD75 /* Screen.swift */; };
		BD08D10E1B8B8798009EAD75 /* Theme.swift in Sources */ = {isa = PBXBuildFile; fileRef = BD08D10D1B8B8798009EAD75 /* Theme.swift */; };
		BD08D1101B8B8B18009EAD75 /* Math.swift in Sources */ = {isa = PBXBuildFile; fileRef = BD08D10F1B8B8B18009EAD75 /* Math.swift */; };
		BD08D1121B8B8C0A009EAD75 /* TimerControl+Draw.swift in Sources */ = {isa = PBXBuildFile; fileRef = BD08D1111B8B8C0A009EAD75 /* TimerControl+Draw.swift */; };
		BD08D1151B8B8FF2009EAD75 /* HYPDrawText.m in Sources */ = {isa = PBXBuildFile; fileRef = BD08D1141B8B8FF2009EAD75 /* HYPDrawText.m */; };
		BD1579741B32E58A00812247 /* HomeViewController.swift in Sources */ = {isa = PBXBuildFile; fileRef = BD1579731B32E58A00812247 /* HomeViewController.swift */; };
		BD1C16E21B95E5F0009D693E /* Thyme WatchKit Extension.appex in Embed App Extensions */ = {isa = PBXBuildFile; fileRef = BD2C3B1E1B3B44F900ACCFAA /* Thyme WatchKit Extension.appex */; settings = {ATTRIBUTES = (RemoveHeadersOnCopy, ); }; };
		BD1C16E51B95E5F0009D693E /* Thyme WatchKit App.app in Embed Watch Content */ = {isa = PBXBuildFile; fileRef = BD2C3B2D1B3B44F900ACCFAA /* Thyme WatchKit App.app */; };
		BD2C3B2A1B3B44F900ACCFAA /* Images.xcassets in Resources */ = {isa = PBXBuildFile; fileRef = BD2C3B291B3B44F900ACCFAA /* Images.xcassets */; };
		BD2C3B361B3B44F900ACCFAA /* Interface.storyboard in Resources */ = {isa = PBXBuildFile; fileRef = BD2C3B341B3B44F900ACCFAA /* Interface.storyboard */; };
		BD2C3B381B3B44F900ACCFAA /* Images.xcassets in Resources */ = {isa = PBXBuildFile; fileRef = BD2C3B371B3B44F900ACCFAA /* Images.xcassets */; };
		BD3B8B8F1B8F755600AAC2A9 /* UIColor+Hex.swift in Sources */ = {isa = PBXBuildFile; fileRef = BD3B8B8E1B8F755600AAC2A9 /* UIColor+Hex.swift */; };
		BD6E97431B8BC1D1004C83D4 /* UIView+ToImage.swift in Sources */ = {isa = PBXBuildFile; fileRef = BD6E97421B8BC1D1004C83D4 /* UIView+ToImage.swift */; };
		BD8CF1471B32C6F600D00AC2 /* PlatCell.swift in Sources */ = {isa = PBXBuildFile; fileRef = BD8CF1461B32C6F600D00AC2 /* PlatCell.swift */; };
		BD8CF14B1B32CC8100D00AC2 /* ViewController.swift in Sources */ = {isa = PBXBuildFile; fileRef = BD8CF14A1B32CC8100D00AC2 /* ViewController.swift */; };
		BD9705F21B9847560094574C /* HerbieController.swift in Sources */ = {isa = PBXBuildFile; fileRef = BD9705F11B9847560094574C /* HerbieController.swift */; };
		BDBE46D21B3150D100E2896B /* AppDelegate.swift in Sources */ = {isa = PBXBuildFile; fileRef = BDBE46D11B3150D100E2896B /* AppDelegate.swift */; };
		BDC80D991B343F02005E2C51 /* Fonts.swift in Sources */ = {isa = PBXBuildFile; fileRef = BDC80D981B343F02005E2C51 /* Fonts.swift */; };
		BDE89E211B33FD130010A6ED /* TimerViewController.swift in Sources */ = {isa = PBXBuildFile; fileRef = BDE89E201B33FD130010A6ED /* TimerViewController.swift */; };
		BDF6EC8A1B8E3685002A051B /* Device.swift in Sources */ = {isa = PBXBuildFile; fileRef = BDF6EC891B8E3685002A051B /* Device.swift */; };
		BDF6EC8B1B8E3685002A051B /* Device.swift in Sources */ = {isa = PBXBuildFile; fileRef = BDF6EC891B8E3685002A051B /* Device.swift */; };
		BDFA94B61B89AB9300D4408F /* tick.wav in Resources */ = {isa = PBXBuildFile; fileRef = BDFA94B51B89AB9300D4408F /* tick.wav */; };
		BDFD4B4F1B342E7B008AEAEF /* AlarmCenter.swift in Sources */ = {isa = PBXBuildFile; fileRef = BDFD4B4E1B342E7B008AEAEF /* AlarmCenter.swift */; };
		BDFD87F11B34827F00F0DCE6 /* Alarm.swift in Sources */ = {isa = PBXBuildFile; fileRef = BDFD87F01B34827F00F0DCE6 /* Alarm.swift */; };
		BDFEB6651B3706E9004DFFD0 /* TimerControl.swift in Sources */ = {isa = PBXBuildFile; fileRef = BDFEB6641B3706E9004DFFD0 /* TimerControl.swift */; };
		D503E6911BA2469F00E7214D /* ExtensionDelegate.swift in Sources */ = {isa = PBXBuildFile; fileRef = D503E6901BA2469F00E7214D /* ExtensionDelegate.swift */; settings = {ASSET_TAGS = (); }; };
		D503E6F81BA2548F00E7214D /* WatchConnectivity.framework in Frameworks */ = {isa = PBXBuildFile; fileRef = D503E6F71BA2548F00E7214D /* WatchConnectivity.framework */; };
		D503E6FA1BA2549D00E7214D /* WatchConnectivity.framework in Frameworks */ = {isa = PBXBuildFile; fileRef = D503E6F91BA2549D00E7214D /* WatchConnectivity.framework */; };
		D538B8F21B8E42CD00069C38 /* ImageList.swift in Sources */ = {isa = PBXBuildFile; fileRef = D538B8F11B8E42CD00069C38 /* ImageList.swift */; };
		D54D08E81B8E89E30012DBF6 /* TimerContext.swift in Sources */ = {isa = PBXBuildFile; fileRef = D54D08E71B8E89E30012DBF6 /* TimerContext.swift */; };
		D563F95D1B9B33E700FF60AC /* GlanceController.swift in Sources */ = {isa = PBXBuildFile; fileRef = D563F9591B9B33E700FF60AC /* GlanceController.swift */; settings = {ASSET_TAGS = (); }; };
		D563F95E1B9B33E700FF60AC /* HomeInterfaceController.swift in Sources */ = {isa = PBXBuildFile; fileRef = D563F95A1B9B33E700FF60AC /* HomeInterfaceController.swift */; settings = {ASSET_TAGS = (); }; };
		D563F95F1B9B33E700FF60AC /* NotificationController.swift in Sources */ = {isa = PBXBuildFile; fileRef = D563F95B1B9B33E700FF60AC /* NotificationController.swift */; settings = {ASSET_TAGS = (); }; };
		D563F9601B9B33E700FF60AC /* TimerInterfaceController.swift in Sources */ = {isa = PBXBuildFile; fileRef = D563F95C1B9B33E700FF60AC /* TimerInterfaceController.swift */; settings = {ASSET_TAGS = (); }; };
		D563F9621B9B3CCB00FF60AC /* Message.swift in Sources */ = {isa = PBXBuildFile; fileRef = D563F9611B9B3CCB00FF60AC /* Message.swift */; settings = {ASSET_TAGS = (); }; };
		D5A2383A1B8BD75F00863023 /* WatchCommunicator.swift in Sources */ = {isa = PBXBuildFile; fileRef = D5A238391B8BD75F00863023 /* WatchCommunicator.swift */; };
		D5CF4E011B9FA3F70005D70F /* Sessionable.swift in Sources */ = {isa = PBXBuildFile; fileRef = D5CF4E001B9FA3F70005D70F /* Sessionable.swift */; settings = {ASSET_TAGS = (); }; };
		D5E5881E1B8E539D0050DD5C /* AlarmTimer.swift in Sources */ = {isa = PBXBuildFile; fileRef = D5E5881D1B8E539D0050DD5C /* AlarmTimer.swift */; };
		D5E5882A1B8E55320050DD5C /* Alarm.swift in Sources */ = {isa = PBXBuildFile; fileRef = D5E588291B8E55320050DD5C /* Alarm.swift */; };
/* End PBXBuildFile section */

/* Begin PBXContainerItemProxy section */
		44AAE42E1844C0690096BF52 /* PBXContainerItemProxy */ = {
			isa = PBXContainerItemProxy;
			containerPortal = 44AAE4061844C0690096BF52 /* Project object */;
			proxyType = 1;
			remoteGlobalIDString = 44AAE40D1844C0690096BF52;
			remoteInfo = Thyme;
		};
		BD1C16E01B95E5F0009D693E /* PBXContainerItemProxy */ = {
			isa = PBXContainerItemProxy;
			containerPortal = 44AAE4061844C0690096BF52 /* Project object */;
			proxyType = 1;
			remoteGlobalIDString = BD2C3B1D1B3B44F900ACCFAA;
			remoteInfo = "Thyme WatchKit Extension";
		};
		BD256D361B95EE9000D852C7 /* PBXContainerItemProxy */ = {
			isa = PBXContainerItemProxy;
			containerPortal = 44AAE4061844C0690096BF52 /* Project object */;
			proxyType = 1;
			remoteGlobalIDString = BD2C3B2C1B3B44F900ACCFAA;
			remoteInfo = "Thyme WatchKit App";
		};
/* End PBXContainerItemProxy section */

/* Begin PBXCopyFilesBuildPhase section */
		BD1C16E61B95E5F0009D693E /* Embed App Extensions */ = {
			isa = PBXCopyFilesBuildPhase;
			buildActionMask = 2147483647;
			dstPath = "";
			dstSubfolderSpec = 13;
			files = (
				BD1C16E21B95E5F0009D693E /* Thyme WatchKit Extension.appex in Embed App Extensions */,
			);
			name = "Embed App Extensions";
			runOnlyForDeploymentPostprocessing = 0;
		};
		BD1C16E71B95E5F0009D693E /* Embed Watch Content */ = {
			isa = PBXCopyFilesBuildPhase;
			buildActionMask = 2147483647;
			dstPath = "$(CONTENTS_FOLDER_PATH)/Watch";
			dstSubfolderSpec = 16;
			files = (
				BD1C16E51B95E5F0009D693E /* Thyme WatchKit App.app in Embed Watch Content */,
			);
			name = "Embed Watch Content";
			runOnlyForDeploymentPostprocessing = 0;
		};
/* End PBXCopyFilesBuildPhase section */

/* Begin PBXFileReference section */
		1461778319CDBF1F00E46B1D /* Images.xcassets */ = {isa = PBXFileReference; lastKnownFileType = folder.assetcatalog; path = Images.xcassets; sourceTree = "<group>"; };
		14CEFBAF18FFD6FB000952EC /* en */ = {isa = PBXFileReference; fileEncoding = 4; lastKnownFileType = text.plist.strings; name = en; path = en.lproj/Localizable.strings; sourceTree = "<group>"; };
		14E2235F18FFD74700E33389 /* es */ = {isa = PBXFileReference; fileEncoding = 4; lastKnownFileType = text.plist.strings; name = es; path = es.lproj/Localizable.strings; sourceTree = "<group>"; };
		14F3768118FFF7EA00359D38 /* AudioToolbox.framework */ = {isa = PBXFileReference; lastKnownFileType = wrapper.framework; name = AudioToolbox.framework; path = System/Library/Frameworks/AudioToolbox.framework; sourceTree = SDKROOT; };
		4409ADB818479AB300E349FF /* AVFoundation.framework */ = {isa = PBXFileReference; lastKnownFileType = wrapper.framework; name = AVFoundation.framework; path = System/Library/Frameworks/AVFoundation.framework; sourceTree = SDKROOT; };
		441B5819184E14F600839331 /* kitchenImage@2x.png */ = {isa = PBXFileReference; lastKnownFileType = image.png; path = "kitchenImage@2x.png"; sourceTree = "<group>"; };
		4465EE92184772F9006C145F /* alarm.caf */ = {isa = PBXFileReference; lastKnownFileType = file; path = alarm.caf; sourceTree = "<group>"; };
		4473616B1856008B004274DF /* fingerImage@2x.png */ = {isa = PBXFileReference; lastKnownFileType = image.png; path = "fingerImage@2x.png"; sourceTree = "<group>"; };
		449143D018476786008A80F0 /* CoreText.framework */ = {isa = PBXFileReference; lastKnownFileType = wrapper.framework; name = CoreText.framework; path = System/Library/Frameworks/CoreText.framework; sourceTree = SDKROOT; };
		449143D218476798008A80F0 /* QuartzCore.framework */ = {isa = PBXFileReference; lastKnownFileType = wrapper.framework; name = QuartzCore.framework; path = System/Library/Frameworks/QuartzCore.framework; sourceTree = SDKROOT; };
		449143D4184767A1008A80F0 /* Security.framework */ = {isa = PBXFileReference; lastKnownFileType = wrapper.framework; name = Security.framework; path = System/Library/Frameworks/Security.framework; sourceTree = SDKROOT; };
		449143D6184767A7008A80F0 /* SystemConfiguration.framework */ = {isa = PBXFileReference; lastKnownFileType = wrapper.framework; name = SystemConfiguration.framework; path = System/Library/Frameworks/SystemConfiguration.framework; sourceTree = SDKROOT; };
		44AAE40E1844C0690096BF52 /* Thyme.app */ = {isa = PBXFileReference; explicitFileType = wrapper.application; includeInIndex = 0; path = Thyme.app; sourceTree = BUILT_PRODUCTS_DIR; };
		44AAE4111844C0690096BF52 /* Foundation.framework */ = {isa = PBXFileReference; lastKnownFileType = wrapper.framework; name = Foundation.framework; path = System/Library/Frameworks/Foundation.framework; sourceTree = SDKROOT; };
		44AAE4131844C0690096BF52 /* CoreGraphics.framework */ = {isa = PBXFileReference; lastKnownFileType = wrapper.framework; name = CoreGraphics.framework; path = System/Library/Frameworks/CoreGraphics.framework; sourceTree = SDKROOT; };
		44AAE4151844C0690096BF52 /* UIKit.framework */ = {isa = PBXFileReference; lastKnownFileType = wrapper.framework; name = UIKit.framework; path = System/Library/Frameworks/UIKit.framework; sourceTree = SDKROOT; };
		44AAE4191844C0690096BF52 /* Thyme-Info.plist */ = {isa = PBXFileReference; lastKnownFileType = text.plist.xml; path = "Thyme-Info.plist"; sourceTree = "<group>"; };
		44AAE41B1844C0690096BF52 /* en */ = {isa = PBXFileReference; lastKnownFileType = text.plist.strings; name = en; path = en.lproj/InfoPlist.strings; sourceTree = "<group>"; };
		44AAE41F1844C0690096BF52 /* Thyme-Prefix.pch */ = {isa = PBXFileReference; lastKnownFileType = sourcecode.c.h; path = "Thyme-Prefix.pch"; sourceTree = "<group>"; };
		44AAE4291844C0690096BF52 /* ThymeTests.xctest */ = {isa = PBXFileReference; explicitFileType = wrapper.cfbundle; includeInIndex = 0; path = ThymeTests.xctest; sourceTree = BUILT_PRODUCTS_DIR; };
		44AAE42A1844C0690096BF52 /* XCTest.framework */ = {isa = PBXFileReference; lastKnownFileType = wrapper.framework; name = XCTest.framework; path = Library/Frameworks/XCTest.framework; sourceTree = DEVELOPER_DIR; };
		44AAE4321844C0690096BF52 /* ThymeTests-Info.plist */ = {isa = PBXFileReference; lastKnownFileType = text.plist.xml; path = "ThymeTests-Info.plist"; sourceTree = "<group>"; };
		44AAE4341844C0690096BF52 /* en */ = {isa = PBXFileReference; lastKnownFileType = text.plist.strings; name = en; path = en.lproj/InfoPlist.strings; sourceTree = "<group>"; };
		44AAE4361844C0690096BF52 /* ThymeTests.m */ = {isa = PBXFileReference; lastKnownFileType = sourcecode.c.objc; path = ThymeTests.m; sourceTree = "<group>"; };
		44AE6680184F4E1C00148398 /* 1-1@2x.png */ = {isa = PBXFileReference; lastKnownFileType = image.png; path = "1-1@2x.png"; sourceTree = "<group>"; };
		44AE6681184F4E1C00148398 /* 1-0@2x.png */ = {isa = PBXFileReference; lastKnownFileType = image.png; path = "1-0@2x.png"; sourceTree = "<group>"; };
		44AE6682184F4E1C00148398 /* 0-1@2x.png */ = {isa = PBXFileReference; lastKnownFileType = image.png; path = "0-1@2x.png"; sourceTree = "<group>"; };
		44AE6683184F4E1C00148398 /* 0-0@2x.png */ = {isa = PBXFileReference; lastKnownFileType = image.png; path = "0-0@2x.png"; sourceTree = "<group>"; };
		44AE6684184F4E1C00148398 /* oven@2x.png */ = {isa = PBXFileReference; lastKnownFileType = image.png; path = "oven@2x.png"; sourceTree = "<group>"; };
		92212D57F2CB0A81DABE31B6 /* Pods.framework */ = {isa = PBXFileReference; explicitFileType = wrapper.framework; includeInIndex = 0; path = Pods.framework; sourceTree = BUILT_PRODUCTS_DIR; };
		A9D9F641ECC772CBF75A9F45 /* Pods.debug.xcconfig */ = {isa = PBXFileReference; includeInIndex = 1; lastKnownFileType = text.xcconfig; name = Pods.debug.xcconfig; path = "Pods/Target Support Files/Pods/Pods.debug.xcconfig"; sourceTree = "<group>"; };
		BD08D1091B8B82CF009EAD75 /* Screen.swift */ = {isa = PBXFileReference; fileEncoding = 4; lastKnownFileType = sourcecode.swift; path = Screen.swift; sourceTree = "<group>"; };
		BD08D10D1B8B8798009EAD75 /* Theme.swift */ = {isa = PBXFileReference; fileEncoding = 4; lastKnownFileType = sourcecode.swift; path = Theme.swift; sourceTree = "<group>"; };
		BD08D10F1B8B8B18009EAD75 /* Math.swift */ = {isa = PBXFileReference; fileEncoding = 4; lastKnownFileType = sourcecode.swift; path = Math.swift; sourceTree = "<group>"; };
		BD08D1111B8B8C0A009EAD75 /* TimerControl+Draw.swift */ = {isa = PBXFileReference; fileEncoding = 4; lastKnownFileType = sourcecode.swift; path = "TimerControl+Draw.swift"; sourceTree = "<group>"; };
		BD08D1131B8B8FF2009EAD75 /* HYPDrawText.h */ = {isa = PBXFileReference; fileEncoding = 4; lastKnownFileType = sourcecode.c.h; path = HYPDrawText.h; sourceTree = "<group>"; };
		BD08D1141B8B8FF2009EAD75 /* HYPDrawText.m */ = {isa = PBXFileReference; fileEncoding = 4; lastKnownFileType = sourcecode.c.objc; path = HYPDrawText.m; sourceTree = "<group>"; };
		BD1579731B32E58A00812247 /* HomeViewController.swift */ = {isa = PBXFileReference; fileEncoding = 4; indentWidth = 2; lastKnownFileType = sourcecode.swift; path = HomeViewController.swift; sourceTree = "<group>"; tabWidth = 2; };
		BD2C3B1E1B3B44F900ACCFAA /* Thyme WatchKit Extension.appex */ = {isa = PBXFileReference; explicitFileType = "wrapper.app-extension"; includeInIndex = 0; path = "Thyme WatchKit Extension.appex"; sourceTree = BUILT_PRODUCTS_DIR; };
		BD2C3B211B3B44F900ACCFAA /* Info.plist */ = {isa = PBXFileReference; lastKnownFileType = text.plist.xml; path = Info.plist; sourceTree = "<group>"; };
		BD2C3B221B3B44F900ACCFAA /* PushNotificationPayload.apns */ = {isa = PBXFileReference; lastKnownFileType = text; path = PushNotificationPayload.apns; sourceTree = "<group>"; };
		BD2C3B291B3B44F900ACCFAA /* Images.xcassets */ = {isa = PBXFileReference; lastKnownFileType = folder.assetcatalog; path = Images.xcassets; sourceTree = "<group>"; };
		BD2C3B2D1B3B44F900ACCFAA /* Thyme WatchKit App.app */ = {isa = PBXFileReference; explicitFileType = wrapper.application; includeInIndex = 0; path = "Thyme WatchKit App.app"; sourceTree = BUILT_PRODUCTS_DIR; };
		BD2C3B331B3B44F900ACCFAA /* Info.plist */ = {isa = PBXFileReference; lastKnownFileType = text.plist.xml; path = Info.plist; sourceTree = "<group>"; };
		BD2C3B351B3B44F900ACCFAA /* Base */ = {isa = PBXFileReference; lastKnownFileType = file.storyboard; name = Base; path = Base.lproj/Interface.storyboard; sourceTree = "<group>"; };
		BD2C3B371B3B44F900ACCFAA /* Images.xcassets */ = {isa = PBXFileReference; lastKnownFileType = folder.assetcatalog; path = Images.xcassets; sourceTree = "<group>"; };
		BD3B8B8E1B8F755600AAC2A9 /* UIColor+Hex.swift */ = {isa = PBXFileReference; fileEncoding = 4; lastKnownFileType = sourcecode.swift; path = "UIColor+Hex.swift"; sourceTree = "<group>"; };
		BD6E97421B8BC1D1004C83D4 /* UIView+ToImage.swift */ = {isa = PBXFileReference; fileEncoding = 4; lastKnownFileType = sourcecode.swift; path = "UIView+ToImage.swift"; sourceTree = "<group>"; };
		BD8CF1461B32C6F600D00AC2 /* PlatCell.swift */ = {isa = PBXFileReference; fileEncoding = 4; indentWidth = 2; lastKnownFileType = sourcecode.swift; path = PlatCell.swift; sourceTree = "<group>"; tabWidth = 2; };
		BD8CF14A1B32CC8100D00AC2 /* ViewController.swift */ = {isa = PBXFileReference; fileEncoding = 4; indentWidth = 2; lastKnownFileType = sourcecode.swift; path = ViewController.swift; sourceTree = "<group>"; tabWidth = 2; };
		BD9705F11B9847560094574C /* HerbieController.swift */ = {isa = PBXFileReference; fileEncoding = 4; lastKnownFileType = sourcecode.swift; path = HerbieController.swift; sourceTree = "<group>"; };
		BDBE46D01B3150D100E2896B /* Thyme-Bridging-Header.h */ = {isa = PBXFileReference; lastKnownFileType = sourcecode.c.h; path = "Thyme-Bridging-Header.h"; sourceTree = "<group>"; };
		BDBE46D11B3150D100E2896B /* AppDelegate.swift */ = {isa = PBXFileReference; fileEncoding = 4; indentWidth = 2; lastKnownFileType = sourcecode.swift; path = AppDelegate.swift; sourceTree = "<group>"; tabWidth = 2; };
		BDC80D981B343F02005E2C51 /* Fonts.swift */ = {isa = PBXFileReference; fileEncoding = 4; indentWidth = 2; lastKnownFileType = sourcecode.swift; path = Fonts.swift; sourceTree = "<group>"; tabWidth = 2; };
		BDE89E201B33FD130010A6ED /* TimerViewController.swift */ = {isa = PBXFileReference; fileEncoding = 4; indentWidth = 2; lastKnownFileType = sourcecode.swift; path = TimerViewController.swift; sourceTree = "<group>"; tabWidth = 2; };
		BDF6EC891B8E3685002A051B /* Device.swift */ = {isa = PBXFileReference; fileEncoding = 4; lastKnownFileType = sourcecode.swift; path = Device.swift; sourceTree = "<group>"; };
		BDFA94B51B89AB9300D4408F /* tick.wav */ = {isa = PBXFileReference; lastKnownFileType = audio.wav; path = tick.wav; sourceTree = "<group>"; };
		BDFD4B4E1B342E7B008AEAEF /* AlarmCenter.swift */ = {isa = PBXFileReference; fileEncoding = 4; indentWidth = 2; lastKnownFileType = sourcecode.swift; path = AlarmCenter.swift; sourceTree = "<group>"; tabWidth = 2; };
		BDFD87F01B34827F00F0DCE6 /* Alarm.swift */ = {isa = PBXFileReference; fileEncoding = 4; indentWidth = 2; lastKnownFileType = sourcecode.swift; path = Alarm.swift; sourceTree = "<group>"; tabWidth = 2; };
		BDFEB6641B3706E9004DFFD0 /* TimerControl.swift */ = {isa = PBXFileReference; fileEncoding = 4; indentWidth = 2; lastKnownFileType = sourcecode.swift; path = TimerControl.swift; sourceTree = "<group>"; tabWidth = 2; };
		D503E6901BA2469F00E7214D /* ExtensionDelegate.swift */ = {isa = PBXFileReference; fileEncoding = 4; lastKnownFileType = sourcecode.swift; path = ExtensionDelegate.swift; sourceTree = "<group>"; };
		D503E6F71BA2548F00E7214D /* WatchConnectivity.framework */ = {isa = PBXFileReference; lastKnownFileType = wrapper.framework; name = WatchConnectivity.framework; path = System/Library/Frameworks/WatchConnectivity.framework; sourceTree = SDKROOT; };
		D503E6F91BA2549D00E7214D /* WatchConnectivity.framework */ = {isa = PBXFileReference; lastKnownFileType = wrapper.framework; name = WatchConnectivity.framework; path = Platforms/WatchOS.platform/Developer/SDKs/WatchOS2.0.sdk/System/Library/Frameworks/WatchConnectivity.framework; sourceTree = DEVELOPER_DIR; };
		D538B8F11B8E42CD00069C38 /* ImageList.swift */ = {isa = PBXFileReference; fileEncoding = 4; lastKnownFileType = sourcecode.swift; path = ImageList.swift; sourceTree = "<group>"; };
		D54D08E71B8E89E30012DBF6 /* TimerContext.swift */ = {isa = PBXFileReference; fileEncoding = 4; lastKnownFileType = sourcecode.swift; path = TimerContext.swift; sourceTree = "<group>"; };
		D563F9591B9B33E700FF60AC /* GlanceController.swift */ = {isa = PBXFileReference; fileEncoding = 4; lastKnownFileType = sourcecode.swift; path = GlanceController.swift; sourceTree = "<group>"; };
		D563F95A1B9B33E700FF60AC /* HomeInterfaceController.swift */ = {isa = PBXFileReference; fileEncoding = 4; lastKnownFileType = sourcecode.swift; path = HomeInterfaceController.swift; sourceTree = "<group>"; };
		D563F95B1B9B33E700FF60AC /* NotificationController.swift */ = {isa = PBXFileReference; fileEncoding = 4; lastKnownFileType = sourcecode.swift; path = NotificationController.swift; sourceTree = "<group>"; };
		D563F95C1B9B33E700FF60AC /* TimerInterfaceController.swift */ = {isa = PBXFileReference; fileEncoding = 4; lastKnownFileType = sourcecode.swift; path = TimerInterfaceController.swift; sourceTree = "<group>"; };
		D563F9611B9B3CCB00FF60AC /* Message.swift */ = {isa = PBXFileReference; fileEncoding = 4; lastKnownFileType = sourcecode.swift; path = Message.swift; sourceTree = "<group>"; };
		D5A238391B8BD75F00863023 /* WatchCommunicator.swift */ = {isa = PBXFileReference; fileEncoding = 4; lastKnownFileType = sourcecode.swift; path = WatchCommunicator.swift; sourceTree = "<group>"; };
		D5CF4E001B9FA3F70005D70F /* Sessionable.swift */ = {isa = PBXFileReference; fileEncoding = 4; lastKnownFileType = sourcecode.swift; path = Sessionable.swift; sourceTree = "<group>"; };
		D5E5881D1B8E539D0050DD5C /* AlarmTimer.swift */ = {isa = PBXFileReference; fileEncoding = 4; lastKnownFileType = sourcecode.swift; path = AlarmTimer.swift; sourceTree = "<group>"; };
		D5E588291B8E55320050DD5C /* Alarm.swift */ = {isa = PBXFileReference; fileEncoding = 4; lastKnownFileType = sourcecode.swift; path = Alarm.swift; sourceTree = "<group>"; };
		F04A96F97767EDE7A181C125 /* Pods.release.xcconfig */ = {isa = PBXFileReference; includeInIndex = 1; lastKnownFileType = text.xcconfig; name = Pods.release.xcconfig; path = "Pods/Target Support Files/Pods/Pods.release.xcconfig"; sourceTree = "<group>"; };
/* End PBXFileReference section */

/* Begin PBXFrameworksBuildPhase section */
		44AAE40B1844C0690096BF52 /* Frameworks */ = {
			isa = PBXFrameworksBuildPhase;
			buildActionMask = 2147483647;
			files = (
				D503E6F81BA2548F00E7214D /* WatchConnectivity.framework in Frameworks */,
				14F3768218FFF7EA00359D38 /* AudioToolbox.framework in Frameworks */,
				4409ADB918479AB300E349FF /* AVFoundation.framework in Frameworks */,
				449143D7184767A7008A80F0 /* SystemConfiguration.framework in Frameworks */,
				449143D5184767A1008A80F0 /* Security.framework in Frameworks */,
				449143D318476798008A80F0 /* QuartzCore.framework in Frameworks */,
				449143D118476786008A80F0 /* CoreText.framework in Frameworks */,
				44AAE4141844C0690096BF52 /* CoreGraphics.framework in Frameworks */,
				44AAE4161844C0690096BF52 /* UIKit.framework in Frameworks */,
				44AAE4121844C0690096BF52 /* Foundation.framework in Frameworks */,
				629F51B26C66E9A24287C335 /* Pods.framework in Frameworks */,
			);
			runOnlyForDeploymentPostprocessing = 0;
		};
		44AAE4261844C0690096BF52 /* Frameworks */ = {
			isa = PBXFrameworksBuildPhase;
			buildActionMask = 2147483647;
			files = (
				44AAE42B1844C0690096BF52 /* XCTest.framework in Frameworks */,
				44AAE42D1844C0690096BF52 /* UIKit.framework in Frameworks */,
				44AAE42C1844C0690096BF52 /* Foundation.framework in Frameworks */,
			);
			runOnlyForDeploymentPostprocessing = 0;
		};
		BD2C3B1B1B3B44F900ACCFAA /* Frameworks */ = {
			isa = PBXFrameworksBuildPhase;
			buildActionMask = 2147483647;
			files = (
				D503E6FA1BA2549D00E7214D /* WatchConnectivity.framework in Frameworks */,
			);
			runOnlyForDeploymentPostprocessing = 0;
		};
/* End PBXFrameworksBuildPhase section */

/* Begin PBXGroup section */
		146997331A2E7FB100171115 /* Walkthrough */ = {
			isa = PBXGroup;
			children = (
				146997341A2E7FB100171115 /* Controllers */,
			);
			path = Walkthrough;
			sourceTree = "<group>";
		};
		146997341A2E7FB100171115 /* Controllers */ = {
			isa = PBXGroup;
			children = (
				BD9705F11B9847560094574C /* HerbieController.swift */,
			);
			path = Controllers;
			sourceTree = "<group>";
		};
		14CEFBAB18FFD697000952EC /* Localizations */ = {
			isa = PBXGroup;
			children = (
				14CEFBB018FFD6FB000952EC /* Localizable.strings */,
			);
			path = Localizations;
			sourceTree = "<group>";
		};
		442B13F9184614FC00D52AE1 /* Models */ = {
			isa = PBXGroup;
			children = (
				BDFD87F01B34827F00F0DCE6 /* Alarm.swift */,
			);
			path = Models;
			sourceTree = "<group>";
		};
		442B140418462A8000D52AE1 /* Controllers */ = {
			isa = PBXGroup;
			children = (
				BDE89E201B33FD130010A6ED /* TimerViewController.swift */,
			);
			path = Controllers;
			sourceTree = "<group>";
		};
		4465EE91184772F9006C145F /* Sounds */ = {
			isa = PBXGroup;
			children = (
				BDFA94B51B89AB9300D4408F /* tick.wav */,
				4465EE92184772F9006C145F /* alarm.caf */,
			);
			path = Sounds;
			sourceTree = "<group>";
		};
		446C9E221844C4E2005FD797 /* AppDelegate */ = {
			isa = PBXGroup;
			children = (
				BDBE46D11B3150D100E2896B /* AppDelegate.swift */,
				BDBE46D01B3150D100E2896B /* Thyme-Bridging-Header.h */,
			);
			path = AppDelegate;
			sourceTree = "<group>";
		};
		446C9E261844C551005FD797 /* Home */ = {
			isa = PBXGroup;
			children = (
				446C9E2D1844CA21005FD797 /* Cells */,
				446C9E281844C562005FD797 /* Controllers */,
			);
			path = Home;
			sourceTree = "<group>";
		};
		446C9E271844C551005FD797 /* Timer */ = {
			isa = PBXGroup;
			children = (
				44F8DA67184658450007E083 /* Views */,
				442B140418462A8000D52AE1 /* Controllers */,
			);
			path = Timer;
			sourceTree = "<group>";
		};
		446C9E281844C562005FD797 /* Controllers */ = {
			isa = PBXGroup;
			children = (
				BD1579731B32E58A00812247 /* HomeViewController.swift */,
			);
			path = Controllers;
			sourceTree = "<group>";
		};
		446C9E2D1844CA21005FD797 /* Cells */ = {
			isa = PBXGroup;
			children = (
				BD8CF1461B32C6F600D00AC2 /* PlatCell.swift */,
			);
			path = Cells;
			sourceTree = "<group>";
		};
		44A691AB1844E02D005D4C5A /* Images */ = {
			isa = PBXGroup;
			children = (
				44AE6683184F4E1C00148398 /* 0-0@2x.png */,
				44AE6682184F4E1C00148398 /* 0-1@2x.png */,
				44AE6681184F4E1C00148398 /* 1-0@2x.png */,
				44AE6680184F4E1C00148398 /* 1-1@2x.png */,
				4473616B1856008B004274DF /* fingerImage@2x.png */,
				441B5819184E14F600839331 /* kitchenImage@2x.png */,
				44AE6684184F4E1C00148398 /* oven@2x.png */,
			);
			path = Images;
			sourceTree = "<group>";
		};
		44A691AE1844E0BB005D4C5A /* Library */ = {
			isa = PBXGroup;
			children = (
				BD6E97411B8BC1AF004C83D4 /* Extensions */,
				BDC80D971B343EF9005E2C51 /* Structs */,
				44A691B31844E299005D4C5A /* Utils */,
				44A691AF1844E0E6005D4C5A /* Base */,
			);
			path = Library;
			sourceTree = "<group>";
		};
		44A691AF1844E0E6005D4C5A /* Base */ = {
			isa = PBXGroup;
			children = (
				BD8CF14A1B32CC8100D00AC2 /* ViewController.swift */,
			);
			path = Base;
			sourceTree = "<group>";
		};
		44A691B31844E299005D4C5A /* Utils */ = {
			isa = PBXGroup;
			children = (
				BDFD4B4E1B342E7B008AEAEF /* AlarmCenter.swift */,
				D5A238391B8BD75F00863023 /* WatchCommunicator.swift */,
			);
			path = Utils;
			sourceTree = "<group>";
		};
		44AAE4051844C0690096BF52 = {
			isa = PBXGroup;
			children = (
				44AAE4171844C0690096BF52 /* Thyme */,
				44AAE4301844C0690096BF52 /* ThymeTests */,
				BD2C3B1F1B3B44F900ACCFAA /* Thyme WatchKit Extension */,
				BD2C3B311B3B44F900ACCFAA /* Thyme WatchKit App */,
				44AAE4101844C0690096BF52 /* Frameworks */,
				44AAE40F1844C0690096BF52 /* Products */,
				BDF5048E6F88206565A3511A /* Pods */,
			);
			indentWidth = 2;
			sourceTree = "<group>";
			tabWidth = 2;
		};
		44AAE40F1844C0690096BF52 /* Products */ = {
			isa = PBXGroup;
			children = (
				44AAE40E1844C0690096BF52 /* Thyme.app */,
				44AAE4291844C0690096BF52 /* ThymeTests.xctest */,
				BD2C3B1E1B3B44F900ACCFAA /* Thyme WatchKit Extension.appex */,
				BD2C3B2D1B3B44F900ACCFAA /* Thyme WatchKit App.app */,
			);
			name = Products;
			sourceTree = "<group>";
		};
		44AAE4101844C0690096BF52 /* Frameworks */ = {
			isa = PBXGroup;
			children = (
				D503E6F91BA2549D00E7214D /* WatchConnectivity.framework */,
				D503E6F71BA2548F00E7214D /* WatchConnectivity.framework */,
				14F3768118FFF7EA00359D38 /* AudioToolbox.framework */,
				4409ADB818479AB300E349FF /* AVFoundation.framework */,
				449143D6184767A7008A80F0 /* SystemConfiguration.framework */,
				449143D4184767A1008A80F0 /* Security.framework */,
				449143D218476798008A80F0 /* QuartzCore.framework */,
				449143D018476786008A80F0 /* CoreText.framework */,
				44AAE4111844C0690096BF52 /* Foundation.framework */,
				44AAE4131844C0690096BF52 /* CoreGraphics.framework */,
				44AAE4151844C0690096BF52 /* UIKit.framework */,
				44AAE42A1844C0690096BF52 /* XCTest.framework */,
				92212D57F2CB0A81DABE31B6 /* Pods.framework */,
			);
			name = Frameworks;
			sourceTree = "<group>";
		};
		44AAE4171844C0690096BF52 /* Thyme */ = {
			isa = PBXGroup;
			children = (
				446C9E221844C4E2005FD797 /* AppDelegate */,
				446C9E261844C551005FD797 /* Home */,
				44A691AB1844E02D005D4C5A /* Images */,
				1461778319CDBF1F00E46B1D /* Images.xcassets */,
				44A691AE1844E0BB005D4C5A /* Library */,
				442B13F9184614FC00D52AE1 /* Models */,
				4465EE91184772F9006C145F /* Sounds */,
				44AAE4181844C0690096BF52 /* Supporting Files */,
				446C9E271844C551005FD797 /* Timer */,
				146997331A2E7FB100171115 /* Walkthrough */,
			);
			path = Thyme;
			sourceTree = "<group>";
		};
		44AAE4181844C0690096BF52 /* Supporting Files */ = {
			isa = PBXGroup;
			children = (
				14CEFBAB18FFD697000952EC /* Localizations */,
				44AAE4191844C0690096BF52 /* Thyme-Info.plist */,
				44AAE41A1844C0690096BF52 /* InfoPlist.strings */,
				44AAE41F1844C0690096BF52 /* Thyme-Prefix.pch */,
			);
			name = "Supporting Files";
			sourceTree = "<group>";
		};
		44AAE4301844C0690096BF52 /* ThymeTests */ = {
			isa = PBXGroup;
			children = (
				44AAE4361844C0690096BF52 /* ThymeTests.m */,
				44AAE4311844C0690096BF52 /* Supporting Files */,
			);
			path = ThymeTests;
			sourceTree = "<group>";
		};
		44AAE4311844C0690096BF52 /* Supporting Files */ = {
			isa = PBXGroup;
			children = (
				44AAE4321844C0690096BF52 /* ThymeTests-Info.plist */,
				44AAE4331844C0690096BF52 /* InfoPlist.strings */,
			);
			name = "Supporting Files";
			sourceTree = "<group>";
		};
		44F8DA67184658450007E083 /* Views */ = {
			isa = PBXGroup;
			children = (
				BD08D1131B8B8FF2009EAD75 /* HYPDrawText.h */,
				BD08D1141B8B8FF2009EAD75 /* HYPDrawText.m */,
				BDFEB6641B3706E9004DFFD0 /* TimerControl.swift */,
				BD08D1111B8B8C0A009EAD75 /* TimerControl+Draw.swift */,
			);
			path = Views;
			sourceTree = "<group>";
		};
		BD2C3B1F1B3B44F900ACCFAA /* Thyme WatchKit Extension */ = {
			isa = PBXGroup;
			children = (
				D563F9581B9B33E700FF60AC /* Controllers */,
				D5E588231B8E54FD0050DD5C /* Models */,
				D538B8F01B8E42C300069C38 /* Library */,
				BD2C3B291B3B44F900ACCFAA /* Images.xcassets */,
				BD2C3B201B3B44F900ACCFAA /* Supporting Files */,
				D503E6901BA2469F00E7214D /* ExtensionDelegate.swift */,
			);
			path = "Thyme WatchKit Extension";
			sourceTree = "<group>";
		};
		BD2C3B201B3B44F900ACCFAA /* Supporting Files */ = {
			isa = PBXGroup;
			children = (
				BD2C3B211B3B44F900ACCFAA /* Info.plist */,
				BD2C3B221B3B44F900ACCFAA /* PushNotificationPayload.apns */,
			);
			name = "Supporting Files";
			sourceTree = "<group>";
		};
		BD2C3B311B3B44F900ACCFAA /* Thyme WatchKit App */ = {
			isa = PBXGroup;
			children = (
				BD2C3B341B3B44F900ACCFAA /* Interface.storyboard */,
				BD2C3B371B3B44F900ACCFAA /* Images.xcassets */,
				BD2C3B321B3B44F900ACCFAA /* Supporting Files */,
			);
			path = "Thyme WatchKit App";
			sourceTree = "<group>";
		};
		BD2C3B321B3B44F900ACCFAA /* Supporting Files */ = {
			isa = PBXGroup;
			children = (
				BD2C3B331B3B44F900ACCFAA /* Info.plist */,
			);
			name = "Supporting Files";
			sourceTree = "<group>";
		};
		BD6E97411B8BC1AF004C83D4 /* Extensions */ = {
			isa = PBXGroup;
			children = (
				BD6E97421B8BC1D1004C83D4 /* UIView+ToImage.swift */,
				BD3B8B8E1B8F755600AAC2A9 /* UIColor+Hex.swift */,
			);
			path = Extensions;
			sourceTree = "<group>";
		};
		BDC80D971B343EF9005E2C51 /* Structs */ = {
			isa = PBXGroup;
			children = (
				BDC80D981B343F02005E2C51 /* Fonts.swift */,
				BD08D1091B8B82CF009EAD75 /* Screen.swift */,
				BD08D10D1B8B8798009EAD75 /* Theme.swift */,
				BD08D10F1B8B8B18009EAD75 /* Math.swift */,
				BDF6EC891B8E3685002A051B /* Device.swift */,
			);
			path = Structs;
			sourceTree = "<group>";
		};
		BDF5048E6F88206565A3511A /* Pods */ = {
			isa = PBXGroup;
			children = (
				A9D9F641ECC772CBF75A9F45 /* Pods.debug.xcconfig */,
				F04A96F97767EDE7A181C125 /* Pods.release.xcconfig */,
			);
			name = Pods;
			sourceTree = "<group>";
		};
		D538B8F01B8E42C300069C38 /* Library */ = {
			isa = PBXGroup;
			children = (
				D5E5881D1B8E539D0050DD5C /* AlarmTimer.swift */,
				D538B8F11B8E42CD00069C38 /* ImageList.swift */,
				D5CF4E001B9FA3F70005D70F /* Sessionable.swift */,
			);
			path = Library;
			sourceTree = "<group>";
		};
		D563F9581B9B33E700FF60AC /* Controllers */ = {
			isa = PBXGroup;
			children = (
				D563F9591B9B33E700FF60AC /* GlanceController.swift */,
				D563F95A1B9B33E700FF60AC /* HomeInterfaceController.swift */,
				D563F95C1B9B33E700FF60AC /* TimerInterfaceController.swift */,
				D563F95B1B9B33E700FF60AC /* NotificationController.swift */,
			);
			path = Controllers;
			sourceTree = "<group>";
		};
		D5E588231B8E54FD0050DD5C /* Models */ = {
			isa = PBXGroup;
			children = (
				D563F9611B9B3CCB00FF60AC /* Message.swift */,
				D5E588291B8E55320050DD5C /* Alarm.swift */,
				D54D08E71B8E89E30012DBF6 /* TimerContext.swift */,
			);
			path = Models;
			sourceTree = "<group>";
		};
/* End PBXGroup section */

/* Begin PBXNativeTarget section */
		44AAE40D1844C0690096BF52 /* Thyme */ = {
			isa = PBXNativeTarget;
			buildConfigurationList = 44AAE43A1844C0690096BF52 /* Build configuration list for PBXNativeTarget "Thyme" */;
			buildPhases = (
				7D8698BB7F221C7067FC110A /* Check Pods Manifest.lock */,
				44AAE40A1844C0690096BF52 /* Sources */,
				44AAE40B1844C0690096BF52 /* Frameworks */,
				44AAE40C1844C0690096BF52 /* Resources */,
				F9090E98373705974C2AF5B7 /* Copy Pods Resources */,
				BD1C16E71B95E5F0009D693E /* Embed Watch Content */,
				75607136367C9B9B79C1F124 /* Embed Pods Frameworks */,
				BDCD59171B9D6E8E00EB368D /* ShellScript */,
			);
			buildRules = (
			);
			dependencies = (
				BD256D371B95EE9000D852C7 /* PBXTargetDependency */,
			);
			name = Thyme;
			productName = Thyme;
			productReference = 44AAE40E1844C0690096BF52 /* Thyme.app */;
			productType = "com.apple.product-type.application";
		};
		44AAE4281844C0690096BF52 /* ThymeTests */ = {
			isa = PBXNativeTarget;
			buildConfigurationList = 44AAE43D1844C0690096BF52 /* Build configuration list for PBXNativeTarget "ThymeTests" */;
			buildPhases = (
				44AAE4251844C0690096BF52 /* Sources */,
				44AAE4261844C0690096BF52 /* Frameworks */,
				44AAE4271844C0690096BF52 /* Resources */,
			);
			buildRules = (
			);
			dependencies = (
				44AAE42F1844C0690096BF52 /* PBXTargetDependency */,
			);
			name = ThymeTests;
			productName = ThymeTests;
			productReference = 44AAE4291844C0690096BF52 /* ThymeTests.xctest */;
			productType = "com.apple.product-type.bundle.unit-test";
		};
		BD2C3B1D1B3B44F900ACCFAA /* Thyme WatchKit Extension */ = {
			isa = PBXNativeTarget;
			buildConfigurationList = BD2C3B411B3B44F900ACCFAA /* Build configuration list for PBXNativeTarget "Thyme WatchKit Extension" */;
			buildPhases = (
				BD2C3B1A1B3B44F900ACCFAA /* Sources */,
				BD2C3B1B1B3B44F900ACCFAA /* Frameworks */,
				BD2C3B1C1B3B44F900ACCFAA /* Resources */,
			);
			buildRules = (
			);
			dependencies = (
			);
			name = "Thyme WatchKit Extension";
			productName = "Thyme WatchKit Extension";
			productReference = BD2C3B1E1B3B44F900ACCFAA /* Thyme WatchKit Extension.appex */;
			productType = "com.apple.product-type.watchkit2-extension";
		};
		BD2C3B2C1B3B44F900ACCFAA /* Thyme WatchKit App */ = {
			isa = PBXNativeTarget;
			buildConfigurationList = BD2C3B401B3B44F900ACCFAA /* Build configuration list for PBXNativeTarget "Thyme WatchKit App" */;
			buildPhases = (
				BD2C3B2B1B3B44F900ACCFAA /* Resources */,
				BD1C16E61B95E5F0009D693E /* Embed App Extensions */,
			);
			buildRules = (
			);
			dependencies = (
				BD1C16E11B95E5F0009D693E /* PBXTargetDependency */,
			);
			name = "Thyme WatchKit App";
			productName = "Thyme WatchKit App";
			productReference = BD2C3B2D1B3B44F900ACCFAA /* Thyme WatchKit App.app */;
			productType = "com.apple.product-type.application.watchapp2";
		};
/* End PBXNativeTarget section */

/* Begin PBXProject section */
		44AAE4061844C0690096BF52 /* Project object */ = {
			isa = PBXProject;
			attributes = {
				CLASSPREFIX = HYP;
				LastSwiftUpdateCheck = 0700;
				LastUpgradeCheck = 0700;
				ORGANIZATIONNAME = Hyper;
				TargetAttributes = {
					44AAE40D1844C0690096BF52 = {
						DevelopmentTeam = XVAH95CHDC;
					};
					44AAE4281844C0690096BF52 = {
						TestTargetID = 44AAE40D1844C0690096BF52;
					};
					BD2C3B1D1B3B44F900ACCFAA = {
						CreatedOnToolsVersion = 6.3.2;
						DevelopmentTeam = XVAH95CHDC;
					};
					BD2C3B2C1B3B44F900ACCFAA = {
						CreatedOnToolsVersion = 6.3.2;
						DevelopmentTeam = XVAH95CHDC;
					};
				};
			};
			buildConfigurationList = 44AAE4091844C0690096BF52 /* Build configuration list for PBXProject "Thyme" */;
			compatibilityVersion = "Xcode 3.2";
			developmentRegion = English;
			hasScannedForEncodings = 0;
			knownRegions = (
				en,
				es,
				Base,
			);
			mainGroup = 44AAE4051844C0690096BF52;
			productRefGroup = 44AAE40F1844C0690096BF52 /* Products */;
			projectDirPath = "";
			projectRoot = "";
			targets = (
				44AAE40D1844C0690096BF52 /* Thyme */,
				44AAE4281844C0690096BF52 /* ThymeTests */,
				BD2C3B1D1B3B44F900ACCFAA /* Thyme WatchKit Extension */,
				BD2C3B2C1B3B44F900ACCFAA /* Thyme WatchKit App */,
			);
		};
/* End PBXProject section */

/* Begin PBXResourcesBuildPhase section */
		44AAE40C1844C0690096BF52 /* Resources */ = {
			isa = PBXResourcesBuildPhase;
			buildActionMask = 2147483647;
			files = (
				BDFA94B61B89AB9300D4408F /* tick.wav in Resources */,
				1461778419CDBF1F00E46B1D /* Images.xcassets in Resources */,
				44AE6687184F4E1C00148398 /* 0-1@2x.png in Resources */,
				44AE6685184F4E1C00148398 /* 1-1@2x.png in Resources */,
				44AE6688184F4E1C00148398 /* 0-0@2x.png in Resources */,
				44AAE41C1844C0690096BF52 /* InfoPlist.strings in Resources */,
				4473616C1856008B004274DF /* fingerImage@2x.png in Resources */,
				44AE6689184F4E1C00148398 /* oven@2x.png in Resources */,
				14CEFBAE18FFD6FB000952EC /* Localizable.strings in Resources */,
				441B581A184E14F600839331 /* kitchenImage@2x.png in Resources */,
				44AE6686184F4E1C00148398 /* 1-0@2x.png in Resources */,
				4465EE93184772F9006C145F /* alarm.caf in Resources */,
			);
			runOnlyForDeploymentPostprocessing = 0;
		};
		44AAE4271844C0690096BF52 /* Resources */ = {
			isa = PBXResourcesBuildPhase;
			buildActionMask = 2147483647;
			files = (
				44AAE4351844C0690096BF52 /* InfoPlist.strings in Resources */,
			);
			runOnlyForDeploymentPostprocessing = 0;
		};
		BD2C3B1C1B3B44F900ACCFAA /* Resources */ = {
			isa = PBXResourcesBuildPhase;
			buildActionMask = 2147483647;
			files = (
				BD2C3B2A1B3B44F900ACCFAA /* Images.xcassets in Resources */,
			);
			runOnlyForDeploymentPostprocessing = 0;
		};
		BD2C3B2B1B3B44F900ACCFAA /* Resources */ = {
			isa = PBXResourcesBuildPhase;
			buildActionMask = 2147483647;
			files = (
				BD2C3B361B3B44F900ACCFAA /* Interface.storyboard in Resources */,
				BD2C3B381B3B44F900ACCFAA /* Images.xcassets in Resources */,
			);
			runOnlyForDeploymentPostprocessing = 0;
		};
/* End PBXResourcesBuildPhase section */

/* Begin PBXShellScriptBuildPhase section */
		75607136367C9B9B79C1F124 /* Embed Pods Frameworks */ = {
			isa = PBXShellScriptBuildPhase;
			buildActionMask = 2147483647;
			files = (
			);
			inputPaths = (
			);
			name = "Embed Pods Frameworks";
			outputPaths = (
			);
			runOnlyForDeploymentPostprocessing = 0;
			shellPath = /bin/sh;
			shellScript = "\"${SRCROOT}/Pods/Target Support Files/Pods/Pods-frameworks.sh\"\n";
			showEnvVarsInLog = 0;
		};
		7D8698BB7F221C7067FC110A /* Check Pods Manifest.lock */ = {
			isa = PBXShellScriptBuildPhase;
			buildActionMask = 2147483647;
			files = (
			);
			inputPaths = (
			);
			name = "Check Pods Manifest.lock";
			outputPaths = (
			);
			runOnlyForDeploymentPostprocessing = 0;
			shellPath = /bin/sh;
			shellScript = "diff \"${PODS_ROOT}/../Podfile.lock\" \"${PODS_ROOT}/Manifest.lock\" > /dev/null\nif [[ $? != 0 ]] ; then\n    cat << EOM\nerror: The sandbox is not in sync with the Podfile.lock. Run 'pod install' or update your CocoaPods installation.\nEOM\n    exit 1\nfi\n";
			showEnvVarsInLog = 0;
		};
		BDCD59171B9D6E8E00EB368D /* ShellScript */ = {
			isa = PBXShellScriptBuildPhase;
			buildActionMask = 2147483647;
			files = (
			);
			inputPaths = (
			);
			outputPaths = (
			);
			runOnlyForDeploymentPostprocessing = 0;
			shellPath = /bin/sh;
			shellScript = "\"${PODS_ROOT}/Fabric/Fabric.framework/run\" 67ffdb78ce9cd50af8404c244fa25df01ea2b5bc 20cddd5b881ce36bfe855addd58d8d01aa2755c9bfa2c91515de7457a65d8d82";
		};
		F9090E98373705974C2AF5B7 /* Copy Pods Resources */ = {
			isa = PBXShellScriptBuildPhase;
			buildActionMask = 2147483647;
			files = (
			);
			inputPaths = (
			);
			name = "Copy Pods Resources";
			outputPaths = (
			);
			runOnlyForDeploymentPostprocessing = 0;
			shellPath = /bin/sh;
			shellScript = "\"${SRCROOT}/Pods/Target Support Files/Pods/Pods-resources.sh\"\n";
			showEnvVarsInLog = 0;
		};
/* End PBXShellScriptBuildPhase section */

/* Begin PBXSourcesBuildPhase section */
		44AAE40A1844C0690096BF52 /* Sources */ = {
			isa = PBXSourcesBuildPhase;
			buildActionMask = 2147483647;
			files = (
				BDFD4B4F1B342E7B008AEAEF /* AlarmCenter.swift in Sources */,
				BD8CF1471B32C6F600D00AC2 /* PlatCell.swift in Sources */,
				BDBE46D21B3150D100E2896B /* AppDelegate.swift in Sources */,
				BD08D1151B8B8FF2009EAD75 /* HYPDrawText.m in Sources */,
				BD08D10E1B8B8798009EAD75 /* Theme.swift in Sources */,
				BD1579741B32E58A00812247 /* HomeViewController.swift in Sources */,
				BDC80D991B343F02005E2C51 /* Fonts.swift in Sources */,
				BD3B8B8F1B8F755600AAC2A9 /* UIColor+Hex.swift in Sources */,
				BD6E97431B8BC1D1004C83D4 /* UIView+ToImage.swift in Sources */,
				BD08D1121B8B8C0A009EAD75 /* TimerControl+Draw.swift in Sources */,
				D5A2383A1B8BD75F00863023 /* WatchCommunicator.swift in Sources */,
				BDFEB6651B3706E9004DFFD0 /* TimerControl.swift in Sources */,
				BD9705F21B9847560094574C /* HerbieController.swift in Sources */,
				BDF6EC8A1B8E3685002A051B /* Device.swift in Sources */,
				BD08D1101B8B8B18009EAD75 /* Math.swift in Sources */,
				BD08D10A1B8B82CF009EAD75 /* Screen.swift in Sources */,
				BDFD87F11B34827F00F0DCE6 /* Alarm.swift in Sources */,
				BD8CF14B1B32CC8100D00AC2 /* ViewController.swift in Sources */,
				BDE89E211B33FD130010A6ED /* TimerViewController.swift in Sources */,
			);
			runOnlyForDeploymentPostprocessing = 0;
		};
		44AAE4251844C0690096BF52 /* Sources */ = {
			isa = PBXSourcesBuildPhase;
			buildActionMask = 2147483647;
			files = (
				44AAE4371844C0690096BF52 /* ThymeTests.m in Sources */,
				BDF6EC8B1B8E3685002A051B /* Device.swift in Sources */,
			);
			runOnlyForDeploymentPostprocessing = 0;
		};
		BD2C3B1A1B3B44F900ACCFAA /* Sources */ = {
			isa = PBXSourcesBuildPhase;
			buildActionMask = 2147483647;
			files = (
				D5CF4E011B9FA3F70005D70F /* Sessionable.swift in Sources */,
				D538B8F21B8E42CD00069C38 /* ImageList.swift in Sources */,
				D5E5881E1B8E539D0050DD5C /* AlarmTimer.swift in Sources */,
				D563F9601B9B33E700FF60AC /* TimerInterfaceController.swift in Sources */,
				D563F9621B9B3CCB00FF60AC /* Message.swift in Sources */,
				D503E6911BA2469F00E7214D /* ExtensionDelegate.swift in Sources */,
				D54D08E81B8E89E30012DBF6 /* TimerContext.swift in Sources */,
				D563F95D1B9B33E700FF60AC /* GlanceController.swift in Sources */,
				D563F95F1B9B33E700FF60AC /* NotificationController.swift in Sources */,
				D563F95E1B9B33E700FF60AC /* HomeInterfaceController.swift in Sources */,
				D5E5882A1B8E55320050DD5C /* Alarm.swift in Sources */,
			);
			runOnlyForDeploymentPostprocessing = 0;
		};
/* End PBXSourcesBuildPhase section */

/* Begin PBXTargetDependency section */
		44AAE42F1844C0690096BF52 /* PBXTargetDependency */ = {
			isa = PBXTargetDependency;
			target = 44AAE40D1844C0690096BF52 /* Thyme */;
			targetProxy = 44AAE42E1844C0690096BF52 /* PBXContainerItemProxy */;
		};
		BD1C16E11B95E5F0009D693E /* PBXTargetDependency */ = {
			isa = PBXTargetDependency;
			target = BD2C3B1D1B3B44F900ACCFAA /* Thyme WatchKit Extension */;
			targetProxy = BD1C16E01B95E5F0009D693E /* PBXContainerItemProxy */;
		};
		BD256D371B95EE9000D852C7 /* PBXTargetDependency */ = {
			isa = PBXTargetDependency;
			target = BD2C3B2C1B3B44F900ACCFAA /* Thyme WatchKit App */;
			targetProxy = BD256D361B95EE9000D852C7 /* PBXContainerItemProxy */;
		};
/* End PBXTargetDependency section */

/* Begin PBXVariantGroup section */
		14CEFBB018FFD6FB000952EC /* Localizable.strings */ = {
			isa = PBXVariantGroup;
			children = (
				14CEFBAF18FFD6FB000952EC /* en */,
				14E2235F18FFD74700E33389 /* es */,
			);
			name = Localizable.strings;
			sourceTree = "<group>";
		};
		44AAE41A1844C0690096BF52 /* InfoPlist.strings */ = {
			isa = PBXVariantGroup;
			children = (
				44AAE41B1844C0690096BF52 /* en */,
			);
			name = InfoPlist.strings;
			sourceTree = "<group>";
		};
		44AAE4331844C0690096BF52 /* InfoPlist.strings */ = {
			isa = PBXVariantGroup;
			children = (
				44AAE4341844C0690096BF52 /* en */,
			);
			name = InfoPlist.strings;
			sourceTree = "<group>";
		};
		BD2C3B341B3B44F900ACCFAA /* Interface.storyboard */ = {
			isa = PBXVariantGroup;
			children = (
				BD2C3B351B3B44F900ACCFAA /* Base */,
			);
			name = Interface.storyboard;
			sourceTree = "<group>";
		};
/* End PBXVariantGroup section */

/* Begin XCBuildConfiguration section */
		44AAE4381844C0690096BF52 /* Debug */ = {
			isa = XCBuildConfiguration;
			buildSettings = {
				ALWAYS_SEARCH_USER_PATHS = NO;
				CLANG_CXX_LANGUAGE_STANDARD = "gnu++0x";
				CLANG_CXX_LIBRARY = "libc++";
				CLANG_ENABLE_MODULES = YES;
				CLANG_ENABLE_OBJC_ARC = YES;
				CLANG_WARN_BOOL_CONVERSION = YES;
				CLANG_WARN_CONSTANT_CONVERSION = YES;
				CLANG_WARN_DIRECT_OBJC_ISA_USAGE = YES_ERROR;
				CLANG_WARN_EMPTY_BODY = YES;
				CLANG_WARN_ENUM_CONVERSION = YES;
				CLANG_WARN_INT_CONVERSION = YES;
				CLANG_WARN_OBJC_ROOT_CLASS = YES_ERROR;
				CLANG_WARN__DUPLICATE_METHOD_MATCH = YES;
				COPY_PHASE_STRIP = NO;
				ENABLE_TESTABILITY = YES;
				GCC_C_LANGUAGE_STANDARD = gnu99;
				GCC_DYNAMIC_NO_PIC = NO;
				GCC_OPTIMIZATION_LEVEL = 0;
				GCC_PREPROCESSOR_DEFINITIONS = (
					"DEBUG=1",
					"$(inherited)",
				);
				GCC_SYMBOLS_PRIVATE_EXTERN = NO;
				GCC_WARN_64_TO_32_BIT_CONVERSION = YES;
				GCC_WARN_ABOUT_RETURN_TYPE = YES_ERROR;
				GCC_WARN_UNDECLARED_SELECTOR = YES;
				GCC_WARN_UNINITIALIZED_AUTOS = YES;
				GCC_WARN_UNUSED_FUNCTION = YES;
				GCC_WARN_UNUSED_VARIABLE = YES;
				IPHONEOS_DEPLOYMENT_TARGET = 7.0;
				ONLY_ACTIVE_ARCH = YES;
				PROVISIONING_PROFILE = "297bbf10-c7cd-46ee-ad5e-e15f2c2f1633";
				SDKROOT = iphoneos;
			};
			name = Debug;
		};
		44AAE4391844C0690096BF52 /* Release */ = {
			isa = XCBuildConfiguration;
			buildSettings = {
				ALWAYS_SEARCH_USER_PATHS = NO;
				CLANG_CXX_LANGUAGE_STANDARD = "gnu++0x";
				CLANG_CXX_LIBRARY = "libc++";
				CLANG_ENABLE_MODULES = YES;
				CLANG_ENABLE_OBJC_ARC = YES;
				CLANG_WARN_BOOL_CONVERSION = YES;
				CLANG_WARN_CONSTANT_CONVERSION = YES;
				CLANG_WARN_DIRECT_OBJC_ISA_USAGE = YES_ERROR;
				CLANG_WARN_EMPTY_BODY = YES;
				CLANG_WARN_ENUM_CONVERSION = YES;
				CLANG_WARN_INT_CONVERSION = YES;
				CLANG_WARN_OBJC_ROOT_CLASS = YES_ERROR;
				CLANG_WARN__DUPLICATE_METHOD_MATCH = YES;
				COPY_PHASE_STRIP = YES;
				ENABLE_NS_ASSERTIONS = NO;
				GCC_C_LANGUAGE_STANDARD = gnu99;
				GCC_WARN_64_TO_32_BIT_CONVERSION = YES;
				GCC_WARN_ABOUT_RETURN_TYPE = YES_ERROR;
				GCC_WARN_UNDECLARED_SELECTOR = YES;
				GCC_WARN_UNINITIALIZED_AUTOS = YES;
				GCC_WARN_UNUSED_FUNCTION = YES;
				GCC_WARN_UNUSED_VARIABLE = YES;
				IPHONEOS_DEPLOYMENT_TARGET = 7.0;
				PROVISIONING_PROFILE = "56de75ed-d322-4881-af5a-d4635ce1c81c";
				SDKROOT = iphoneos;
				VALIDATE_PRODUCT = YES;
			};
			name = Release;
		};
		44AAE43B1844C0690096BF52 /* Debug */ = {
			isa = XCBuildConfiguration;
			baseConfigurationReference = A9D9F641ECC772CBF75A9F45 /* Pods.debug.xcconfig */;
			buildSettings = {
				ASSETCATALOG_COMPILER_APPICON_NAME = AppIcon;
				ASSETCATALOG_COMPILER_LAUNCHIMAGE_NAME = LaunchImage;
				CLANG_ENABLE_MODULES = YES;
				CODE_SIGN_IDENTITY = "iPhone Distribution";
				"CODE_SIGN_IDENTITY[sdk=iphoneos*]" = "iPhone Distribution";
				ENABLE_BITCODE = NO;
				FRAMEWORK_SEARCH_PATHS = (
					"$(inherited)",
					"$(SRCROOT)/Thyme/External/HockeySDK/HockeySDK.embeddedframework",
				);
				GCC_PRECOMPILE_PREFIX_HEADER = YES;
				GCC_PREFIX_HEADER = "Thyme/Thyme-Prefix.pch";
				INFOPLIST_FILE = "Thyme/Thyme-Info.plist";
				IPHONEOS_DEPLOYMENT_TARGET = 8.2;
				LD_RUNPATH_SEARCH_PATHS = "$(inherited) @executable_path/Frameworks";
				PRODUCT_BUNDLE_IDENTIFIER = no.hyper.thyme;
				PRODUCT_NAME = "$(TARGET_NAME)";
				PROVISIONING_PROFILE = "e0cfc4a2-4890-4467-8642-2de4bbb637c0";
				SDKROOT = iphoneos;
				SWIFT_OBJC_BRIDGING_HEADER = "Thyme/AppDelegate/Thyme-Bridging-Header.h";
				SWIFT_OPTIMIZATION_LEVEL = "-Onone";
				TARGETED_DEVICE_FAMILY = 1;
				WRAPPER_EXTENSION = app;
			};
			name = Debug;
		};
		44AAE43C1844C0690096BF52 /* Release */ = {
			isa = XCBuildConfiguration;
			baseConfigurationReference = F04A96F97767EDE7A181C125 /* Pods.release.xcconfig */;
			buildSettings = {
				ASSETCATALOG_COMPILER_APPICON_NAME = AppIcon;
				ASSETCATALOG_COMPILER_LAUNCHIMAGE_NAME = LaunchImage;
				CLANG_ENABLE_MODULES = YES;
				CODE_SIGN_IDENTITY = "iPhone Distribution";
				"CODE_SIGN_IDENTITY[sdk=iphoneos*]" = "iPhone Distribution";
				ENABLE_BITCODE = NO;
				FRAMEWORK_SEARCH_PATHS = (
					"$(inherited)",
					"$(SRCROOT)/Thyme/External/HockeySDK/HockeySDK.embeddedframework",
				);
				GCC_PRECOMPILE_PREFIX_HEADER = YES;
				GCC_PREFIX_HEADER = "Thyme/Thyme-Prefix.pch";
				INFOPLIST_FILE = "Thyme/Thyme-Info.plist";
				IPHONEOS_DEPLOYMENT_TARGET = 8.2;
				LD_RUNPATH_SEARCH_PATHS = "$(inherited) @executable_path/Frameworks";
				PRODUCT_BUNDLE_IDENTIFIER = no.hyper.thyme;
				PRODUCT_NAME = "$(TARGET_NAME)";
				PROVISIONING_PROFILE = "e0cfc4a2-4890-4467-8642-2de4bbb637c0";
				SDKROOT = iphoneos;
				SWIFT_OBJC_BRIDGING_HEADER = "Thyme/AppDelegate/Thyme-Bridging-Header.h";
				TARGETED_DEVICE_FAMILY = 1;
				WRAPPER_EXTENSION = app;
			};
			name = Release;
		};
		44AAE43E1844C0690096BF52 /* Debug */ = {
			isa = XCBuildConfiguration;
			buildSettings = {
				BUNDLE_LOADER = "$(BUILT_PRODUCTS_DIR)/Thyme.app/Thyme";
				CLANG_ENABLE_MODULES = YES;
				CODE_SIGN_IDENTITY = "iPhone Distribution";
				FRAMEWORK_SEARCH_PATHS = (
					"$(SDKROOT)/Developer/Library/Frameworks",
					"$(inherited)",
					"$(DEVELOPER_FRAMEWORKS_DIR)",
				);
				GCC_PRECOMPILE_PREFIX_HEADER = YES;
				GCC_PREFIX_HEADER = "Thyme/Thyme-Prefix.pch";
				GCC_PREPROCESSOR_DEFINITIONS = (
					"DEBUG=1",
					"$(inherited)",
				);
				INFOPLIST_FILE = "ThymeTests/ThymeTests-Info.plist";
				LD_RUNPATH_SEARCH_PATHS = "$(inherited) @executable_path/Frameworks @loader_path/Frameworks";
				PRODUCT_BUNDLE_IDENTIFIER = "no.hyper.${PRODUCT_NAME:rfc1034identifier}";
				PRODUCT_NAME = "$(TARGET_NAME)";
				PROVISIONING_PROFILE = "";
				SWIFT_OPTIMIZATION_LEVEL = "-Onone";
				TEST_HOST = "$(BUNDLE_LOADER)";
				WRAPPER_EXTENSION = xctest;
			};
			name = Debug;
		};
		44AAE43F1844C0690096BF52 /* Release */ = {
			isa = XCBuildConfiguration;
			buildSettings = {
				BUNDLE_LOADER = "$(BUILT_PRODUCTS_DIR)/Thyme.app/Thyme";
				CLANG_ENABLE_MODULES = YES;
				CODE_SIGN_IDENTITY = "iPhone Distribution";
				FRAMEWORK_SEARCH_PATHS = (
					"$(SDKROOT)/Developer/Library/Frameworks",
					"$(inherited)",
					"$(DEVELOPER_FRAMEWORKS_DIR)",
				);
				GCC_PRECOMPILE_PREFIX_HEADER = YES;
				GCC_PREFIX_HEADER = "Thyme/Thyme-Prefix.pch";
				INFOPLIST_FILE = "ThymeTests/ThymeTests-Info.plist";
				LD_RUNPATH_SEARCH_PATHS = "$(inherited) @executable_path/Frameworks @loader_path/Frameworks";
				PRODUCT_BUNDLE_IDENTIFIER = "no.hyper.${PRODUCT_NAME:rfc1034identifier}";
				PRODUCT_NAME = "$(TARGET_NAME)";
				PROVISIONING_PROFILE = "";
				TEST_HOST = "$(BUNDLE_LOADER)";
				WRAPPER_EXTENSION = xctest;
			};
			name = Release;
		};
		BD2C3B3C1B3B44F900ACCFAA /* Debug */ = {
			isa = XCBuildConfiguration;
			buildSettings = {
				CLANG_WARN_UNREACHABLE_CODE = YES;
				CODE_SIGN_IDENTITY = "iPhone Distribution: Hyper Interaktiv (XVAH95CHDC)";
				"CODE_SIGN_IDENTITY[sdk=iphoneos*]" = "iPhone Distribution: Hyper Interaktiv (XVAH95CHDC)";
				DEBUG_INFORMATION_FORMAT = "dwarf-with-dsym";
				ENABLE_STRICT_OBJC_MSGSEND = YES;
				GCC_NO_COMMON_BLOCKS = YES;
				GCC_PREPROCESSOR_DEFINITIONS = (
					"DEBUG=1",
					"$(inherited)",
				);
				GCC_WARN_UNINITIALIZED_AUTOS = YES_AGGRESSIVE;
				INFOPLIST_FILE = "Thyme WatchKit Extension/Info.plist";
				IPHONEOS_DEPLOYMENT_TARGET = 8.3;
				LD_RUNPATH_SEARCH_PATHS = "$(inherited) @executable_path/Frameworks @executable_path/../../Frameworks";
				MTL_ENABLE_DEBUG_INFO = YES;
				PRODUCT_BUNDLE_IDENTIFIER = no.hyper.thyme.watchkitapp.watchkitextension;
				PRODUCT_NAME = "${TARGET_NAME}";
				PROVISIONING_PROFILE = "9ff4bfe9-06cd-4bb9-a0e0-607bff15864b";
				SDKROOT = watchos;
				SKIP_INSTALL = YES;
				SWIFT_OBJC_BRIDGING_HEADER = "";
				SWIFT_OPTIMIZATION_LEVEL = "-Onone";
				TARGETED_DEVICE_FAMILY = 4;
				WATCHOS_DEPLOYMENT_TARGET = 2.0;
			};
			name = Debug;
		};
		BD2C3B3D1B3B44F900ACCFAA /* Release */ = {
			isa = XCBuildConfiguration;
			buildSettings = {
				CLANG_WARN_UNREACHABLE_CODE = YES;
				CODE_SIGN_IDENTITY = "iPhone Distribution: Hyper Interaktiv (XVAH95CHDC)";
				"CODE_SIGN_IDENTITY[sdk=iphoneos*]" = "iPhone Distribution: Hyper Interaktiv (XVAH95CHDC)";
				COPY_PHASE_STRIP = NO;
				DEBUG_INFORMATION_FORMAT = "dwarf-with-dsym";
				ENABLE_STRICT_OBJC_MSGSEND = YES;
				GCC_NO_COMMON_BLOCKS = YES;
				GCC_WARN_UNINITIALIZED_AUTOS = YES_AGGRESSIVE;
				INFOPLIST_FILE = "Thyme WatchKit Extension/Info.plist";
				IPHONEOS_DEPLOYMENT_TARGET = 8.3;
				LD_RUNPATH_SEARCH_PATHS = "$(inherited) @executable_path/Frameworks @executable_path/../../Frameworks";
				MTL_ENABLE_DEBUG_INFO = NO;
				PRODUCT_BUNDLE_IDENTIFIER = no.hyper.thyme.watchkitapp.watchkitextension;
				PRODUCT_NAME = "${TARGET_NAME}";
				PROVISIONING_PROFILE = "9ff4bfe9-06cd-4bb9-a0e0-607bff15864b";
				SDKROOT = watchos;
				SKIP_INSTALL = YES;
				SWIFT_OBJC_BRIDGING_HEADER = "";
				TARGETED_DEVICE_FAMILY = 4;
				WATCHOS_DEPLOYMENT_TARGET = 2.0;
			};
			name = Release;
		};
		BD2C3B3E1B3B44F900ACCFAA /* Debug */ = {
			isa = XCBuildConfiguration;
			buildSettings = {
				ASSETCATALOG_COMPILER_APPICON_NAME = AppIcon;
				CLANG_WARN_UNREACHABLE_CODE = YES;
				CODE_SIGN_IDENTITY = "iPhone Distribution";
				"CODE_SIGN_IDENTITY[sdk=iphoneos*]" = "iPhone Distribution";
				DEBUG_INFORMATION_FORMAT = "dwarf-with-dsym";
				EMBEDDED_CONTENT_CONTAINS_SWIFT = YES;
				ENABLE_STRICT_OBJC_MSGSEND = YES;
				GCC_NO_COMMON_BLOCKS = YES;
				GCC_PREPROCESSOR_DEFINITIONS = (
					"DEBUG=1",
					"$(inherited)",
				);
				GCC_WARN_UNINITIALIZED_AUTOS = YES_AGGRESSIVE;
				IBSC_MODULE = Thyme_WatchKit_Extension;
				INFOPLIST_FILE = "Thyme WatchKit App/Info.plist";
				MTL_ENABLE_DEBUG_INFO = YES;
				PRODUCT_BUNDLE_IDENTIFIER = no.hyper.thyme.watchkitapp;
				PRODUCT_NAME = "$(TARGET_NAME)";
				PROVISIONING_PROFILE = "5c7b8781-48df-4340-9be8-c23db15d248a";
				SDKROOT = watchos;
				SKIP_INSTALL = YES;
				TARGETED_DEVICE_FAMILY = 4;
				WATCHOS_DEPLOYMENT_TARGET = 2.0;
			};
			name = Debug;
		};
		BD2C3B3F1B3B44F900ACCFAA /* Release */ = {
			isa = XCBuildConfiguration;
			buildSettings = {
				ASSETCATALOG_COMPILER_APPICON_NAME = AppIcon;
				CLANG_WARN_UNREACHABLE_CODE = YES;
				CODE_SIGN_IDENTITY = "iPhone Distribution";
				"CODE_SIGN_IDENTITY[sdk=iphoneos*]" = "iPhone Distribution";
				COPY_PHASE_STRIP = NO;
				DEBUG_INFORMATION_FORMAT = "dwarf-with-dsym";
				EMBEDDED_CONTENT_CONTAINS_SWIFT = YES;
				ENABLE_STRICT_OBJC_MSGSEND = YES;
				GCC_NO_COMMON_BLOCKS = YES;
				GCC_WARN_UNINITIALIZED_AUTOS = YES_AGGRESSIVE;
				IBSC_MODULE = Thyme_WatchKit_Extension;
				INFOPLIST_FILE = "Thyme WatchKit App/Info.plist";
				MTL_ENABLE_DEBUG_INFO = NO;
				PRODUCT_BUNDLE_IDENTIFIER = no.hyper.thyme.watchkitapp;
				PRODUCT_NAME = "$(TARGET_NAME)";
				PROVISIONING_PROFILE = "5c7b8781-48df-4340-9be8-c23db15d248a";
				SDKROOT = watchos;
				SKIP_INSTALL = YES;
				TARGETED_DEVICE_FAMILY = 4;
				WATCHOS_DEPLOYMENT_TARGET = 2.0;
			};
			name = Release;
		};
/* End XCBuildConfiguration section */

/* Begin XCConfigurationList section */
		44AAE4091844C0690096BF52 /* Build configuration list for PBXProject "Thyme" */ = {
			isa = XCConfigurationList;
			buildConfigurations = (
				44AAE4381844C0690096BF52 /* Debug */,
				44AAE4391844C0690096BF52 /* Release */,
			);
			defaultConfigurationIsVisible = 0;
			defaultConfigurationName = Release;
		};
		44AAE43A1844C0690096BF52 /* Build configuration list for PBXNativeTarget "Thyme" */ = {
			isa = XCConfigurationList;
			buildConfigurations = (
				44AAE43B1844C0690096BF52 /* Debug */,
				44AAE43C1844C0690096BF52 /* Release */,
			);
			defaultConfigurationIsVisible = 0;
			defaultConfigurationName = Release;
		};
		44AAE43D1844C0690096BF52 /* Build configuration list for PBXNativeTarget "ThymeTests" */ = {
			isa = XCConfigurationList;
			buildConfigurations = (
				44AAE43E1844C0690096BF52 /* Debug */,
				44AAE43F1844C0690096BF52 /* Release */,
			);
			defaultConfigurationIsVisible = 0;
			defaultConfigurationName = Release;
		};
		BD2C3B401B3B44F900ACCFAA /* Build configuration list for PBXNativeTarget "Thyme WatchKit App" */ = {
			isa = XCConfigurationList;
			buildConfigurations = (
				BD2C3B3E1B3B44F900ACCFAA /* Debug */,
				BD2C3B3F1B3B44F900ACCFAA /* Release */,
			);
			defaultConfigurationIsVisible = 0;
			defaultConfigurationName = Release;
		};
		BD2C3B411B3B44F900ACCFAA /* Build configuration list for PBXNativeTarget "Thyme WatchKit Extension" */ = {
			isa = XCConfigurationList;
			buildConfigurations = (
				BD2C3B3C1B3B44F900ACCFAA /* Debug */,
				BD2C3B3D1B3B44F900ACCFAA /* Release */,
			);
			defaultConfigurationIsVisible = 0;
			defaultConfigurationName = Release;
		};
/* End XCConfigurationList section */
	};
	rootObject = 44AAE4061844C0690096BF52 /* Project object */;
}
