<?xml version="1.0" encoding="UTF-8"?>
<!DOCTYPE plist PUBLIC "-//Apple//DTD PLIST 1.0//EN" "http://www.apple.com/DTDs/PropertyList-1.0.dtd">
<plist version="1.0">
<dict>
	<key>archiveVersion</key>
	<string>1</string>
	<key>classes</key>
	<dict/>
	<key>objectVersion</key>
	<string>46</string>
	<key>objects</key>
	<dict>
		<key>14117C7619DB1F1F0070010C</key>
		<dict>
			<key>children</key>
			<array>
				<string>14117C7719DB1F1F0070010C</string>
				<string>14117C7819DB1F1F0070010C</string>
			</array>
			<key>isa</key>
			<string>PBXGroup</string>
			<key>path</key>
			<string>UIColor-ANDYHex</string>
			<key>sourceTree</key>
			<string>&lt;group&gt;</string>
		</dict>
		<key>14117C7719DB1F1F0070010C</key>
		<dict>
			<key>fileEncoding</key>
			<string>4</string>
			<key>isa</key>
			<string>PBXFileReference</string>
			<key>lastKnownFileType</key>
			<string>sourcecode.c.h</string>
			<key>path</key>
			<string>UIColor+ANDYHex.h</string>
			<key>sourceTree</key>
			<string>&lt;group&gt;</string>
		</dict>
		<key>14117C7819DB1F1F0070010C</key>
		<dict>
			<key>fileEncoding</key>
			<string>4</string>
			<key>isa</key>
			<string>PBXFileReference</string>
			<key>lastKnownFileType</key>
			<string>sourcecode.c.objc</string>
			<key>path</key>
			<string>UIColor+ANDYHex.m</string>
			<key>sourceTree</key>
			<string>&lt;group&gt;</string>
		</dict>
		<key>14117C7919DB1F1F0070010C</key>
		<dict>
			<key>fileRef</key>
			<string>14117C7819DB1F1F0070010C</string>
			<key>isa</key>
			<string>PBXBuildFile</string>
		</dict>
		<key>14117C7A19DB26790070010C</key>
		<dict>
			<key>isa</key>
			<string>PBXFileReference</string>
			<key>lastKnownFileType</key>
			<string>image.png</string>
			<key>path</key>
			<string>sc.png</string>
			<key>sourceTree</key>
			<string>&lt;group&gt;</string>
		</dict>
		<key>14117C7B19DB26790070010C</key>
		<dict>
			<key>fileRef</key>
			<string>14117C7A19DB26790070010C</string>
			<key>isa</key>
			<string>PBXBuildFile</string>
		</dict>
		<key>14117C7C19DB31AD0070010C</key>
		<dict>
			<key>fileEncoding</key>
			<string>4</string>
			<key>isa</key>
			<string>PBXFileReference</string>
			<key>lastKnownFileType</key>
			<string>sourcecode.c.h</string>
			<key>path</key>
			<string>HYPSettingTableViewCell.h</string>
			<key>sourceTree</key>
			<string>&lt;group&gt;</string>
		</dict>
		<key>14117C7D19DB31AD0070010C</key>
		<dict>
			<key>fileEncoding</key>
			<string>4</string>
			<key>isa</key>
			<string>PBXFileReference</string>
			<key>lastKnownFileType</key>
			<string>sourcecode.c.objc</string>
			<key>path</key>
			<string>HYPSettingTableViewCell.m</string>
			<key>sourceTree</key>
			<string>&lt;group&gt;</string>
		</dict>
		<key>14117C7E19DB31AD0070010C</key>
		<dict>
			<key>fileRef</key>
			<string>14117C7D19DB31AD0070010C</string>
			<key>isa</key>
			<string>PBXBuildFile</string>
		</dict>
		<key>1461778319CDBF1F00E46B1D</key>
		<dict>
			<key>isa</key>
			<string>PBXFileReference</string>
			<key>lastKnownFileType</key>
			<string>folder.assetcatalog</string>
			<key>path</key>
			<string>Images.xcassets</string>
			<key>sourceTree</key>
			<string>&lt;group&gt;</string>
		</dict>
		<key>1461778419CDBF1F00E46B1D</key>
		<dict>
			<key>fileRef</key>
			<string>1461778319CDBF1F00E46B1D</string>
			<key>isa</key>
			<string>PBXBuildFile</string>
		</dict>
		<key>146489DC19CF276300C5A85C</key>
		<dict>
			<key>isa</key>
			<string>PBXFileReference</string>
			<key>lastKnownFileType</key>
			<string>image.png</string>
			<key>path</key>
			<string>ovenBackground@3x.png</string>
			<key>sourceTree</key>
			<string>&lt;group&gt;</string>
		</dict>
		<key>146489DD19CF276300C5A85C</key>
		<dict>
			<key>fileRef</key>
			<string>146489DC19CF276300C5A85C</string>
			<key>isa</key>
			<string>PBXBuildFile</string>
		</dict>
		<key>146489DE19CF2B6700C5A85C</key>
		<dict>
			<key>children</key>
			<array>
				<string>146489DF19CF2B7B00C5A85C</string>
				<string>146489E019CF2B7B00C5A85C</string>
				<string>146489E119CF2B7B00C5A85C</string>
			</array>
			<key>isa</key>
			<string>PBXGroup</string>
			<key>path</key>
			<string>Settings</string>
			<key>sourceTree</key>
			<string>&lt;group&gt;</string>
		</dict>
		<key>146489DF19CF2B7B00C5A85C</key>
		<dict>
			<key>children</key>
			<array>
				<string>14117C7C19DB31AD0070010C</string>
				<string>14117C7D19DB31AD0070010C</string>
			</array>
			<key>isa</key>
			<string>PBXGroup</string>
			<key>path</key>
			<string>Cells</string>
			<key>sourceTree</key>
			<string>&lt;group&gt;</string>
		</dict>
		<key>146489E019CF2B7B00C5A85C</key>
		<dict>
			<key>children</key>
			<array>
				<string>146489E219CF2B8600C5A85C</string>
				<string>146489E319CF2B8600C5A85C</string>
			</array>
			<key>isa</key>
			<string>PBXGroup</string>
			<key>path</key>
			<string>Controllers</string>
			<key>sourceTree</key>
			<string>&lt;group&gt;</string>
		</dict>
		<key>146489E119CF2B7B00C5A85C</key>
		<dict>
			<key>children</key>
			<array/>
			<key>isa</key>
			<string>PBXGroup</string>
			<key>path</key>
			<string>Views</string>
			<key>sourceTree</key>
			<string>&lt;group&gt;</string>
		</dict>
		<key>146489E219CF2B8600C5A85C</key>
		<dict>
			<key>fileEncoding</key>
			<string>4</string>
			<key>isa</key>
			<string>PBXFileReference</string>
			<key>lastKnownFileType</key>
			<string>sourcecode.c.h</string>
			<key>path</key>
			<string>HYPSettingsViewController.h</string>
			<key>sourceTree</key>
			<string>&lt;group&gt;</string>
		</dict>
		<key>146489E319CF2B8600C5A85C</key>
		<dict>
			<key>fileEncoding</key>
			<string>4</string>
			<key>isa</key>
			<string>PBXFileReference</string>
			<key>lastKnownFileType</key>
			<string>sourcecode.c.objc</string>
			<key>path</key>
			<string>HYPSettingsViewController.m</string>
			<key>sourceTree</key>
			<string>&lt;group&gt;</string>
		</dict>
		<key>146489E419CF2B8600C5A85C</key>
		<dict>
			<key>fileRef</key>
			<string>146489E319CF2B8600C5A85C</string>
			<key>isa</key>
			<string>PBXBuildFile</string>
		</dict>
		<key>146997331A2E7FB100171115</key>
		<dict>
			<key>children</key>
			<array>
				<string>146997341A2E7FB100171115</string>
			</array>
			<key>isa</key>
			<string>PBXGroup</string>
			<key>path</key>
			<string>Walkthrough</string>
			<key>sourceTree</key>
			<string>&lt;group&gt;</string>
		</dict>
		<key>146997341A2E7FB100171115</key>
		<dict>
			<key>children</key>
			<array>
				<string>146997411A2E858000171115</string>
				<string>146997421A2E858000171115</string>
				<string>146997371A2E7FB100171115</string>
				<string>146997381A2E7FB100171115</string>
			</array>
			<key>isa</key>
			<string>PBXGroup</string>
			<key>path</key>
			<string>Controllers</string>
			<key>sourceTree</key>
			<string>&lt;group&gt;</string>
		</dict>
		<key>146997371A2E7FB100171115</key>
		<dict>
			<key>fileEncoding</key>
			<string>4</string>
			<key>isa</key>
			<string>PBXFileReference</string>
			<key>lastKnownFileType</key>
			<string>sourcecode.c.h</string>
			<key>path</key>
			<string>HYPInstructionsPageViewController.h</string>
			<key>sourceTree</key>
			<string>&lt;group&gt;</string>
		</dict>
		<key>146997381A2E7FB100171115</key>
		<dict>
			<key>fileEncoding</key>
			<string>4</string>
			<key>isa</key>
			<string>PBXFileReference</string>
			<key>lastKnownFileType</key>
			<string>sourcecode.c.objc</string>
			<key>path</key>
			<string>HYPInstructionsPageViewController.m</string>
			<key>sourceTree</key>
			<string>&lt;group&gt;</string>
		</dict>
		<key>1469973A1A2E7FB100171115</key>
		<dict>
			<key>fileRef</key>
			<string>146997381A2E7FB100171115</string>
			<key>isa</key>
			<string>PBXBuildFile</string>
		</dict>
		<key>1469973E1A2E856D00171115</key>
		<dict>
			<key>fileEncoding</key>
			<string>4</string>
			<key>isa</key>
			<string>PBXFileReference</string>
			<key>lastKnownFileType</key>
			<string>sourcecode.c.h</string>
			<key>path</key>
			<string>HYPHomeViewController.h</string>
			<key>sourceTree</key>
			<string>&lt;group&gt;</string>
		</dict>
		<key>1469973F1A2E856D00171115</key>
		<dict>
			<key>fileEncoding</key>
			<string>4</string>
			<key>isa</key>
			<string>PBXFileReference</string>
			<key>lastKnownFileType</key>
			<string>sourcecode.c.objc</string>
			<key>path</key>
			<string>HYPHomeViewController.m</string>
			<key>sourceTree</key>
			<string>&lt;group&gt;</string>
		</dict>
		<key>146997401A2E856D00171115</key>
		<dict>
			<key>fileRef</key>
			<string>1469973F1A2E856D00171115</string>
			<key>isa</key>
			<string>PBXBuildFile</string>
		</dict>
		<key>146997411A2E858000171115</key>
		<dict>
			<key>fileEncoding</key>
			<string>4</string>
			<key>isa</key>
			<string>PBXFileReference</string>
			<key>lastKnownFileType</key>
			<string>sourcecode.c.h</string>
			<key>path</key>
			<string>HYPInstructionViewController.h</string>
			<key>sourceTree</key>
			<string>&lt;group&gt;</string>
		</dict>
		<key>146997421A2E858000171115</key>
		<dict>
			<key>fileEncoding</key>
			<string>4</string>
			<key>isa</key>
			<string>PBXFileReference</string>
			<key>lastKnownFileType</key>
			<string>sourcecode.c.objc</string>
			<key>path</key>
			<string>HYPInstructionViewController.m</string>
			<key>sourceTree</key>
			<string>&lt;group&gt;</string>
		</dict>
		<key>146997431A2E858000171115</key>
		<dict>
			<key>fileRef</key>
			<string>146997421A2E858000171115</string>
			<key>isa</key>
			<string>PBXBuildFile</string>
		</dict>
		<key>1477CA521A2D2FE000816544</key>
		<dict>
			<key>isa</key>
			<string>PBXFileReference</string>
			<key>lastKnownFileType</key>
			<string>image.png</string>
			<key>path</key>
			<string>welcomeIcon.png</string>
			<key>sourceTree</key>
			<string>&lt;group&gt;</string>
		</dict>
		<key>1477CA531A2D2FE000816544</key>
		<dict>
			<key>isa</key>
			<string>PBXFileReference</string>
			<key>lastKnownFileType</key>
			<string>image.png</string>
			<key>path</key>
			<string>welcomeIcon@2x.png</string>
			<key>sourceTree</key>
			<string>&lt;group&gt;</string>
		</dict>
		<key>1477CA541A2D2FE000816544</key>
		<dict>
			<key>fileRef</key>
			<string>1477CA521A2D2FE000816544</string>
			<key>isa</key>
			<string>PBXBuildFile</string>
		</dict>
		<key>1477CA551A2D2FE000816544</key>
		<dict>
			<key>fileRef</key>
			<string>1477CA531A2D2FE000816544</string>
			<key>isa</key>
			<string>PBXBuildFile</string>
		</dict>
		<key>1477CA561A2D3CF600816544</key>
		<dict>
			<key>isa</key>
			<string>PBXFileReference</string>
			<key>lastKnownFileType</key>
			<string>image.png</string>
			<key>path</key>
			<string>welcomeIcon@3x.png</string>
			<key>sourceTree</key>
			<string>&lt;group&gt;</string>
		</dict>
		<key>1477CA571A2D3CF600816544</key>
		<dict>
			<key>fileRef</key>
			<string>1477CA561A2D3CF600816544</string>
			<key>isa</key>
			<string>PBXBuildFile</string>
		</dict>
		<key>1477CA581A2D4E7600816544</key>
		<dict>
			<key>isa</key>
			<string>PBXFileReference</string>
			<key>lastKnownFileType</key>
			<string>image.png</string>
			<key>path</key>
			<string>instructionsA.png</string>
			<key>sourceTree</key>
			<string>&lt;group&gt;</string>
		</dict>
		<key>1477CA591A2D4E7600816544</key>
		<dict>
			<key>isa</key>
			<string>PBXFileReference</string>
			<key>lastKnownFileType</key>
			<string>image.png</string>
			<key>path</key>
			<string>instructionsA@2x.png</string>
			<key>sourceTree</key>
			<string>&lt;group&gt;</string>
		</dict>
		<key>1477CA5A1A2D4E7600816544</key>
		<dict>
			<key>isa</key>
			<string>PBXFileReference</string>
			<key>lastKnownFileType</key>
			<string>image.png</string>
			<key>path</key>
			<string>instructionsB.png</string>
			<key>sourceTree</key>
			<string>&lt;group&gt;</string>
		</dict>
		<key>1477CA5B1A2D4E7600816544</key>
		<dict>
			<key>isa</key>
			<string>PBXFileReference</string>
			<key>lastKnownFileType</key>
			<string>image.png</string>
			<key>path</key>
			<string>instructionsB@2x.png</string>
			<key>sourceTree</key>
			<string>&lt;group&gt;</string>
		</dict>
		<key>1477CA5C1A2D4E7600816544</key>
		<dict>
			<key>isa</key>
			<string>PBXFileReference</string>
			<key>lastKnownFileType</key>
			<string>image.png</string>
			<key>path</key>
			<string>instructionsC.png</string>
			<key>sourceTree</key>
			<string>&lt;group&gt;</string>
		</dict>
		<key>1477CA5D1A2D4E7600816544</key>
		<dict>
			<key>isa</key>
			<string>PBXFileReference</string>
			<key>lastKnownFileType</key>
			<string>image.png</string>
			<key>path</key>
			<string>instructionsC@2x.png</string>
			<key>sourceTree</key>
			<string>&lt;group&gt;</string>
		</dict>
		<key>1477CA5E1A2D4E7600816544</key>
		<dict>
			<key>isa</key>
			<string>PBXFileReference</string>
			<key>lastKnownFileType</key>
			<string>image.png</string>
			<key>path</key>
			<string>instructionsD.png</string>
			<key>sourceTree</key>
			<string>&lt;group&gt;</string>
		</dict>
		<key>1477CA5F1A2D4E7600816544</key>
		<dict>
			<key>isa</key>
			<string>PBXFileReference</string>
			<key>lastKnownFileType</key>
			<string>image.png</string>
			<key>path</key>
			<string>instructionsD@2x.png</string>
			<key>sourceTree</key>
			<string>&lt;group&gt;</string>
		</dict>
		<key>1477CA601A2D4E7600816544</key>
		<dict>
			<key>fileRef</key>
			<string>1477CA581A2D4E7600816544</string>
			<key>isa</key>
			<string>PBXBuildFile</string>
		</dict>
		<key>1477CA611A2D4E7600816544</key>
		<dict>
			<key>fileRef</key>
			<string>1477CA591A2D4E7600816544</string>
			<key>isa</key>
			<string>PBXBuildFile</string>
		</dict>
		<key>1477CA621A2D4E7600816544</key>
		<dict>
			<key>fileRef</key>
			<string>1477CA5A1A2D4E7600816544</string>
			<key>isa</key>
			<string>PBXBuildFile</string>
		</dict>
		<key>1477CA631A2D4E7600816544</key>
		<dict>
			<key>fileRef</key>
			<string>1477CA5B1A2D4E7600816544</string>
			<key>isa</key>
			<string>PBXBuildFile</string>
		</dict>
		<key>1477CA641A2D4E7600816544</key>
		<dict>
			<key>fileRef</key>
			<string>1477CA5C1A2D4E7600816544</string>
			<key>isa</key>
			<string>PBXBuildFile</string>
		</dict>
		<key>1477CA651A2D4E7600816544</key>
		<dict>
			<key>fileRef</key>
			<string>1477CA5D1A2D4E7600816544</string>
			<key>isa</key>
			<string>PBXBuildFile</string>
		</dict>
		<key>1477CA661A2D4E7600816544</key>
		<dict>
			<key>fileRef</key>
			<string>1477CA5E1A2D4E7600816544</string>
			<key>isa</key>
			<string>PBXBuildFile</string>
		</dict>
		<key>1477CA671A2D4E7600816544</key>
		<dict>
			<key>fileRef</key>
			<string>1477CA5F1A2D4E7600816544</string>
			<key>isa</key>
			<string>PBXBuildFile</string>
		</dict>
		<key>1491334319CF65B100BA3587</key>
		<dict>
			<key>children</key>
			<array>
				<string>1491334419CF65B100BA3587</string>
				<string>1491334519CF65B100BA3587</string>
			</array>
			<key>isa</key>
			<string>PBXGroup</string>
			<key>path</key>
			<string>UIViewController-HYPContainer</string>
			<key>sourceTree</key>
			<string>&lt;group&gt;</string>
		</dict>
		<key>1491334419CF65B100BA3587</key>
		<dict>
			<key>fileEncoding</key>
			<string>4</string>
			<key>isa</key>
			<string>PBXFileReference</string>
			<key>lastKnownFileType</key>
			<string>sourcecode.c.h</string>
			<key>path</key>
			<string>UIViewController+HYPContainer.h</string>
			<key>sourceTree</key>
			<string>&lt;group&gt;</string>
		</dict>
		<key>1491334519CF65B100BA3587</key>
		<dict>
			<key>fileEncoding</key>
			<string>4</string>
			<key>isa</key>
			<string>PBXFileReference</string>
			<key>lastKnownFileType</key>
			<string>sourcecode.c.objc</string>
			<key>path</key>
			<string>UIViewController+HYPContainer.m</string>
			<key>sourceTree</key>
			<string>&lt;group&gt;</string>
		</dict>
		<key>1491334619CF65B100BA3587</key>
		<dict>
			<key>fileRef</key>
			<string>1491334519CF65B100BA3587</string>
			<key>isa</key>
			<string>PBXBuildFile</string>
		</dict>
		<key>149B074219CDCCDE00D5F832</key>
		<dict>
			<key>children</key>
			<array>
				<string>149B074319CDCCDE00D5F832</string>
				<string>149B074419CDCCDE00D5F832</string>
			</array>
			<key>isa</key>
			<string>PBXGroup</string>
			<key>path</key>
			<string>BKEAnimatedGradientView</string>
			<key>sourceTree</key>
			<string>&lt;group&gt;</string>
		</dict>
		<key>149B074319CDCCDE00D5F832</key>
		<dict>
			<key>fileEncoding</key>
			<string>4</string>
			<key>isa</key>
			<string>PBXFileReference</string>
			<key>lastKnownFileType</key>
			<string>sourcecode.c.h</string>
			<key>path</key>
			<string>BKEAnimatedGradientView.h</string>
			<key>sourceTree</key>
			<string>&lt;group&gt;</string>
		</dict>
		<key>149B074419CDCCDE00D5F832</key>
		<dict>
			<key>fileEncoding</key>
			<string>4</string>
			<key>isa</key>
			<string>PBXFileReference</string>
			<key>lastKnownFileType</key>
			<string>sourcecode.c.objc</string>
			<key>path</key>
			<string>BKEAnimatedGradientView.m</string>
			<key>sourceTree</key>
			<string>&lt;group&gt;</string>
		</dict>
		<key>149B074519CDCCDE00D5F832</key>
		<dict>
			<key>fileRef</key>
			<string>149B074419CDCCDE00D5F832</string>
			<key>isa</key>
			<string>PBXBuildFile</string>
		</dict>
		<key>14A7EB2119CFA29D0076920E</key>
		<dict>
			<key>fileEncoding</key>
			<string>4</string>
			<key>isa</key>
			<string>PBXFileReference</string>
			<key>lastKnownFileType</key>
			<string>sourcecode.c.h</string>
			<key>path</key>
			<string>HYPSetting.h</string>
			<key>sourceTree</key>
			<string>&lt;group&gt;</string>
		</dict>
		<key>14A7EB2219CFA29D0076920E</key>
		<dict>
			<key>fileEncoding</key>
			<string>4</string>
			<key>isa</key>
			<string>PBXFileReference</string>
			<key>lastKnownFileType</key>
			<string>sourcecode.c.objc</string>
			<key>path</key>
			<string>HYPSetting.m</string>
			<key>sourceTree</key>
			<string>&lt;group&gt;</string>
		</dict>
		<key>14A7EB2319CFA29D0076920E</key>
		<dict>
			<key>fileRef</key>
			<string>14A7EB2219CFA29D0076920E</string>
			<key>isa</key>
			<string>PBXBuildFile</string>
		</dict>
		<key>14CEFBAB18FFD697000952EC</key>
		<dict>
			<key>children</key>
			<array>
				<string>14CEFBB018FFD6FB000952EC</string>
			</array>
			<key>isa</key>
			<string>PBXGroup</string>
			<key>path</key>
			<string>Localizations</string>
			<key>sourceTree</key>
			<string>&lt;group&gt;</string>
		</dict>
		<key>14CEFBAE18FFD6FB000952EC</key>
		<dict>
			<key>fileRef</key>
			<string>14CEFBB018FFD6FB000952EC</string>
			<key>isa</key>
			<string>PBXBuildFile</string>
		</dict>
		<key>14CEFBAF18FFD6FB000952EC</key>
		<dict>
			<key>fileEncoding</key>
			<string>4</string>
			<key>isa</key>
			<string>PBXFileReference</string>
			<key>lastKnownFileType</key>
			<string>text.plist.strings</string>
			<key>name</key>
			<string>en</string>
			<key>path</key>
			<string>en.lproj/Localizable.strings</string>
			<key>sourceTree</key>
			<string>&lt;group&gt;</string>
		</dict>
		<key>14CEFBB018FFD6FB000952EC</key>
		<dict>
			<key>children</key>
			<array>
				<string>14CEFBAF18FFD6FB000952EC</string>
				<string>14E2235F18FFD74700E33389</string>
			</array>
			<key>isa</key>
			<string>PBXVariantGroup</string>
			<key>name</key>
			<string>Localizable.strings</string>
			<key>sourceTree</key>
			<string>&lt;group&gt;</string>
		</dict>
		<key>14E2235F18FFD74700E33389</key>
		<dict>
			<key>fileEncoding</key>
			<string>4</string>
			<key>isa</key>
			<string>PBXFileReference</string>
			<key>lastKnownFileType</key>
			<string>text.plist.strings</string>
			<key>name</key>
			<string>es</string>
			<key>path</key>
			<string>es.lproj/Localizable.strings</string>
			<key>sourceTree</key>
			<string>&lt;group&gt;</string>
		</dict>
		<key>14F3768118FFF7EA00359D38</key>
		<dict>
			<key>isa</key>
			<string>PBXFileReference</string>
			<key>lastKnownFileType</key>
			<string>wrapper.framework</string>
			<key>name</key>
			<string>AudioToolbox.framework</string>
			<key>path</key>
			<string>System/Library/Frameworks/AudioToolbox.framework</string>
			<key>sourceTree</key>
			<string>SDKROOT</string>
		</dict>
		<key>14F3768218FFF7EA00359D38</key>
		<dict>
			<key>fileRef</key>
			<string>14F3768118FFF7EA00359D38</string>
			<key>isa</key>
			<string>PBXBuildFile</string>
		</dict>
		<key>44088055184C803300935802</key>
		<dict>
			<key>fileEncoding</key>
			<string>4</string>
			<key>isa</key>
			<string>PBXFileReference</string>
			<key>lastKnownFileType</key>
			<string>sourcecode.c.h</string>
			<key>path</key>
			<string>HYPLocalNotificationManager.h</string>
			<key>sourceTree</key>
			<string>&lt;group&gt;</string>
		</dict>
		<key>44088056184C803300935802</key>
		<dict>
			<key>fileEncoding</key>
			<string>4</string>
			<key>isa</key>
			<string>PBXFileReference</string>
			<key>lastKnownFileType</key>
			<string>sourcecode.c.objc</string>
			<key>path</key>
			<string>HYPLocalNotificationManager.m</string>
			<key>sourceTree</key>
			<string>&lt;group&gt;</string>
		</dict>
		<key>44088057184C803300935802</key>
		<dict>
			<key>fileRef</key>
			<string>44088056184C803300935802</string>
			<key>isa</key>
			<string>PBXBuildFile</string>
		</dict>
		<key>44088058184C808500935802</key>
		<dict>
			<key>fileEncoding</key>
			<string>4</string>
			<key>isa</key>
			<string>PBXFileReference</string>
			<key>lastKnownFileType</key>
			<string>sourcecode.c.h</string>
			<key>path</key>
			<string>HYPAlarm.h</string>
			<key>sourceTree</key>
			<string>&lt;group&gt;</string>
		</dict>
		<key>44088059184C808500935802</key>
		<dict>
			<key>fileEncoding</key>
			<string>4</string>
			<key>isa</key>
			<string>PBXFileReference</string>
			<key>lastKnownFileType</key>
			<string>sourcecode.c.objc</string>
			<key>path</key>
			<string>HYPAlarm.m</string>
			<key>sourceTree</key>
			<string>&lt;group&gt;</string>
		</dict>
		<key>4408805A184C808500935802</key>
		<dict>
			<key>fileRef</key>
			<string>44088059184C808500935802</string>
			<key>isa</key>
			<string>PBXBuildFile</string>
		</dict>
		<key>4409ADB818479AB300E349FF</key>
		<dict>
			<key>isa</key>
			<string>PBXFileReference</string>
			<key>lastKnownFileType</key>
			<string>wrapper.framework</string>
			<key>name</key>
			<string>AVFoundation.framework</string>
			<key>path</key>
			<string>System/Library/Frameworks/AVFoundation.framework</string>
			<key>sourceTree</key>
			<string>SDKROOT</string>
		</dict>
		<key>4409ADB918479AB300E349FF</key>
		<dict>
			<key>fileRef</key>
			<string>4409ADB818479AB300E349FF</string>
			<key>isa</key>
			<string>PBXBuildFile</string>
		</dict>
		<key>440D8FDD184CE5ED00BB5392</key>
		<dict>
			<key>isa</key>
			<string>PBXFileReference</string>
			<key>lastKnownFileType</key>
			<string>sourcecode.c.h</string>
			<key>path</key>
			<string>HYPMathHelpers.h</string>
			<key>sourceTree</key>
			<string>&lt;group&gt;</string>
		</dict>
		<key>441B5817184E059800839331</key>
		<dict>
			<key>isa</key>
			<string>PBXFileReference</string>
			<key>lastKnownFileType</key>
			<string>file</string>
			<key>path</key>
			<string>tick.caf</string>
			<key>sourceTree</key>
			<string>&lt;group&gt;</string>
		</dict>
		<key>441B5818184E061200839331</key>
		<dict>
			<key>fileRef</key>
			<string>441B5817184E059800839331</string>
			<key>isa</key>
			<string>PBXBuildFile</string>
		</dict>
		<key>441B5819184E14F600839331</key>
		<dict>
			<key>isa</key>
			<string>PBXFileReference</string>
			<key>lastKnownFileType</key>
			<string>image.png</string>
			<key>path</key>
			<string>kitchenImage@2x.png</string>
			<key>sourceTree</key>
			<string>&lt;group&gt;</string>
		</dict>
		<key>441B581A184E14F600839331</key>
		<dict>
			<key>fileRef</key>
			<string>441B5819184E14F600839331</string>
			<key>isa</key>
			<string>PBXBuildFile</string>
		</dict>
		<key>442B13F9184614FC00D52AE1</key>
		<dict>
			<key>children</key>
			<array>
				<string>14A7EB2119CFA29D0076920E</string>
				<string>14A7EB2219CFA29D0076920E</string>
				<string>44088058184C808500935802</string>
				<string>44088059184C808500935802</string>
			</array>
			<key>isa</key>
			<string>PBXGroup</string>
			<key>path</key>
			<string>Models</string>
			<key>sourceTree</key>
			<string>&lt;group&gt;</string>
		</dict>
		<key>442B140418462A8000D52AE1</key>
		<dict>
			<key>children</key>
			<array>
				<string>442B140518462A8000D52AE1</string>
				<string>442B140618462A8000D52AE1</string>
			</array>
			<key>isa</key>
			<string>PBXGroup</string>
			<key>path</key>
			<string>Controllers</string>
			<key>sourceTree</key>
			<string>&lt;group&gt;</string>
		</dict>
		<key>442B140518462A8000D52AE1</key>
		<dict>
			<key>fileEncoding</key>
			<string>4</string>
			<key>isa</key>
			<string>PBXFileReference</string>
			<key>lastKnownFileType</key>
			<string>sourcecode.c.h</string>
			<key>path</key>
			<string>HYPTimerViewController.h</string>
			<key>sourceTree</key>
			<string>&lt;group&gt;</string>
		</dict>
		<key>442B140618462A8000D52AE1</key>
		<dict>
			<key>fileEncoding</key>
			<string>4</string>
			<key>isa</key>
			<string>PBXFileReference</string>
			<key>lastKnownFileType</key>
			<string>sourcecode.c.objc</string>
			<key>path</key>
			<string>HYPTimerViewController.m</string>
			<key>sourceTree</key>
			<string>&lt;group&gt;</string>
		</dict>
		<key>442B140718462A8000D52AE1</key>
		<dict>
			<key>fileRef</key>
			<string>442B140618462A8000D52AE1</string>
			<key>isa</key>
			<string>PBXBuildFile</string>
		</dict>
		<key>442CD148184F7A0900CE9031</key>
		<dict>
			<key>isa</key>
			<string>PBXFileReference</string>
			<key>lastKnownFileType</key>
			<string>image.png</string>
			<key>path</key>
			<string>ovenShine@2x.png</string>
			<key>sourceTree</key>
			<string>&lt;group&gt;</string>
		</dict>
		<key>442CD149184F7A0900CE9031</key>
		<dict>
			<key>fileRef</key>
			<string>442CD148184F7A0900CE9031</string>
			<key>isa</key>
			<string>PBXBuildFile</string>
		</dict>
		<key>44522B38184DCA9A00C4B604</key>
		<dict>
			<key>fileEncoding</key>
			<string>4</string>
			<key>isa</key>
			<string>PBXFileReference</string>
			<key>lastKnownFileType</key>
			<string>sourcecode.c.h</string>
			<key>path</key>
			<string>HYPTimerControl+DrawingMethods.h</string>
			<key>sourceTree</key>
			<string>&lt;group&gt;</string>
		</dict>
		<key>44522B39184DCA9A00C4B604</key>
		<dict>
			<key>fileEncoding</key>
			<string>4</string>
			<key>isa</key>
			<string>PBXFileReference</string>
			<key>lastKnownFileType</key>
			<string>sourcecode.c.objc</string>
			<key>path</key>
			<string>HYPTimerControl+DrawingMethods.m</string>
			<key>sourceTree</key>
			<string>&lt;group&gt;</string>
		</dict>
		<key>44522B3A184DCA9A00C4B604</key>
		<dict>
			<key>fileRef</key>
			<string>44522B39184DCA9A00C4B604</string>
			<key>isa</key>
			<string>PBXBuildFile</string>
		</dict>
		<key>4454E98518EB3A7200CB1C87</key>
		<dict>
			<key>isa</key>
			<string>PBXFileReference</string>
			<key>lastKnownFileType</key>
			<string>image.png</string>
			<key>path</key>
			<string>ovenBackground~iPad@2x.png</string>
			<key>sourceTree</key>
			<string>&lt;group&gt;</string>
		</dict>
		<key>4454E98618EB3A7200CB1C87</key>
		<dict>
			<key>fileRef</key>
			<string>4454E98518EB3A7200CB1C87</string>
			<key>isa</key>
			<string>PBXBuildFile</string>
		</dict>
		<key>4454E98718EB3B2600CB1C87</key>
		<dict>
			<key>isa</key>
			<string>PBXFileReference</string>
			<key>lastKnownFileType</key>
			<string>image.png</string>
			<key>path</key>
			<string>ovenShine~iPad@2x.png</string>
			<key>sourceTree</key>
			<string>&lt;group&gt;</string>
		</dict>
		<key>4454E98818EB3B2600CB1C87</key>
		<dict>
			<key>fileRef</key>
			<string>4454E98718EB3B2600CB1C87</string>
			<key>isa</key>
			<string>PBXBuildFile</string>
		</dict>
		<key>4465EE91184772F9006C145F</key>
		<dict>
			<key>children</key>
			<array>
				<string>441B5817184E059800839331</string>
				<string>4465EE92184772F9006C145F</string>
			</array>
			<key>isa</key>
			<string>PBXGroup</string>
			<key>path</key>
			<string>Sounds</string>
			<key>sourceTree</key>
			<string>&lt;group&gt;</string>
		</dict>
		<key>4465EE92184772F9006C145F</key>
		<dict>
			<key>isa</key>
			<string>PBXFileReference</string>
			<key>lastKnownFileType</key>
			<string>file</string>
			<key>path</key>
			<string>alarm.caf</string>
			<key>sourceTree</key>
			<string>&lt;group&gt;</string>
		</dict>
		<key>4465EE93184772F9006C145F</key>
		<dict>
			<key>fileRef</key>
			<string>4465EE92184772F9006C145F</string>
			<key>isa</key>
			<string>PBXBuildFile</string>
		</dict>
		<key>446C9E221844C4E2005FD797</key>
		<dict>
			<key>children</key>
			<array>
				<string>446C9E231844C4E2005FD797</string>
				<string>446C9E241844C4E2005FD797</string>
			</array>
			<key>isa</key>
			<string>PBXGroup</string>
			<key>path</key>
			<string>AppDelegate</string>
			<key>sourceTree</key>
			<string>&lt;group&gt;</string>
		</dict>
		<key>446C9E231844C4E2005FD797</key>
		<dict>
			<key>fileEncoding</key>
			<string>4</string>
			<key>isa</key>
			<string>PBXFileReference</string>
			<key>lastKnownFileType</key>
			<string>sourcecode.c.h</string>
			<key>path</key>
			<string>HYPAppDelegate.h</string>
			<key>sourceTree</key>
			<string>&lt;group&gt;</string>
		</dict>
		<key>446C9E241844C4E2005FD797</key>
		<dict>
			<key>fileEncoding</key>
			<string>4</string>
			<key>isa</key>
			<string>PBXFileReference</string>
			<key>lastKnownFileType</key>
			<string>sourcecode.c.objc</string>
			<key>path</key>
			<string>HYPAppDelegate.m</string>
			<key>sourceTree</key>
			<string>&lt;group&gt;</string>
		</dict>
		<key>446C9E251844C4E2005FD797</key>
		<dict>
			<key>fileRef</key>
			<string>446C9E241844C4E2005FD797</string>
			<key>isa</key>
			<string>PBXBuildFile</string>
		</dict>
		<key>446C9E261844C551005FD797</key>
		<dict>
			<key>children</key>
			<array>
				<string>446C9E2D1844CA21005FD797</string>
				<string>446C9E281844C562005FD797</string>
			</array>
			<key>isa</key>
			<string>PBXGroup</string>
			<key>path</key>
			<string>Home</string>
			<key>sourceTree</key>
			<string>&lt;group&gt;</string>
		</dict>
		<key>446C9E271844C551005FD797</key>
		<dict>
			<key>children</key>
			<array>
				<string>44F8DA67184658450007E083</string>
				<string>442B140418462A8000D52AE1</string>
			</array>
			<key>isa</key>
			<string>PBXGroup</string>
			<key>path</key>
			<string>Timer</string>
			<key>sourceTree</key>
			<string>&lt;group&gt;</string>
		</dict>
		<key>446C9E281844C562005FD797</key>
		<dict>
			<key>children</key>
			<array>
				<string>1469973E1A2E856D00171115</string>
				<string>1469973F1A2E856D00171115</string>
			</array>
			<key>isa</key>
			<string>PBXGroup</string>
			<key>path</key>
			<string>Controllers</string>
			<key>sourceTree</key>
			<string>&lt;group&gt;</string>
		</dict>
		<key>446C9E2D1844CA21005FD797</key>
		<dict>
			<key>children</key>
			<array>
				<string>446C9E2E1844CA4A005FD797</string>
				<string>446C9E2F1844CA4A005FD797</string>
			</array>
			<key>isa</key>
			<string>PBXGroup</string>
			<key>path</key>
			<string>Cells</string>
			<key>sourceTree</key>
			<string>&lt;group&gt;</string>
		</dict>
		<key>446C9E2E1844CA4A005FD797</key>
		<dict>
			<key>fileEncoding</key>
			<string>4</string>
			<key>isa</key>
			<string>PBXFileReference</string>
			<key>lastKnownFileType</key>
			<string>sourcecode.c.h</string>
			<key>path</key>
			<string>HYPPlateCell.h</string>
			<key>sourceTree</key>
			<string>&lt;group&gt;</string>
		</dict>
		<key>446C9E2F1844CA4A005FD797</key>
		<dict>
			<key>fileEncoding</key>
			<string>4</string>
			<key>isa</key>
			<string>PBXFileReference</string>
			<key>lastKnownFileType</key>
			<string>sourcecode.c.objc</string>
			<key>path</key>
			<string>HYPPlateCell.m</string>
			<key>sourceTree</key>
			<string>&lt;group&gt;</string>
		</dict>
		<key>446C9E301844CA4A005FD797</key>
		<dict>
			<key>fileRef</key>
			<string>446C9E2F1844CA4A005FD797</string>
			<key>isa</key>
			<string>PBXBuildFile</string>
		</dict>
		<key>4473616B1856008B004274DF</key>
		<dict>
			<key>isa</key>
			<string>PBXFileReference</string>
			<key>lastKnownFileType</key>
			<string>image.png</string>
			<key>path</key>
			<string>fingerImage@2x.png</string>
			<key>sourceTree</key>
			<string>&lt;group&gt;</string>
		</dict>
		<key>4473616C1856008B004274DF</key>
		<dict>
			<key>fileRef</key>
			<string>4473616B1856008B004274DF</string>
			<key>isa</key>
			<string>PBXBuildFile</string>
		</dict>
		<key>44909B4F18EB1937002C812E</key>
		<dict>
			<key>children</key>
			<array>
				<string>44909B5018EB1937002C812E</string>
				<string>44909B5118EB1937002C812E</string>
			</array>
			<key>isa</key>
			<string>PBXGroup</string>
			<key>path</key>
			<string>UIScreen-ANDYResolutions</string>
			<key>sourceTree</key>
			<string>&lt;group&gt;</string>
		</dict>
		<key>44909B5018EB1937002C812E</key>
		<dict>
			<key>fileEncoding</key>
			<string>4</string>
			<key>isa</key>
			<string>PBXFileReference</string>
			<key>lastKnownFileType</key>
			<string>sourcecode.c.h</string>
			<key>path</key>
			<string>UIScreen+ANDYResolutions.h</string>
			<key>sourceTree</key>
			<string>&lt;group&gt;</string>
		</dict>
		<key>44909B5118EB1937002C812E</key>
		<dict>
			<key>fileEncoding</key>
			<string>4</string>
			<key>isa</key>
			<string>PBXFileReference</string>
			<key>lastKnownFileType</key>
			<string>sourcecode.c.objc</string>
			<key>path</key>
			<string>UIScreen+ANDYResolutions.m</string>
			<key>sourceTree</key>
			<string>&lt;group&gt;</string>
		</dict>
		<key>44909B5218EB1937002C812E</key>
		<dict>
			<key>fileRef</key>
			<string>44909B5118EB1937002C812E</string>
			<key>isa</key>
			<string>PBXBuildFile</string>
		</dict>
		<key>449143D018476786008A80F0</key>
		<dict>
			<key>isa</key>
			<string>PBXFileReference</string>
			<key>lastKnownFileType</key>
			<string>wrapper.framework</string>
			<key>name</key>
			<string>CoreText.framework</string>
			<key>path</key>
			<string>System/Library/Frameworks/CoreText.framework</string>
			<key>sourceTree</key>
			<string>SDKROOT</string>
		</dict>
		<key>449143D118476786008A80F0</key>
		<dict>
			<key>fileRef</key>
			<string>449143D018476786008A80F0</string>
			<key>isa</key>
			<string>PBXBuildFile</string>
		</dict>
		<key>449143D218476798008A80F0</key>
		<dict>
			<key>isa</key>
			<string>PBXFileReference</string>
			<key>lastKnownFileType</key>
			<string>wrapper.framework</string>
			<key>name</key>
			<string>QuartzCore.framework</string>
			<key>path</key>
			<string>System/Library/Frameworks/QuartzCore.framework</string>
			<key>sourceTree</key>
			<string>SDKROOT</string>
		</dict>
		<key>449143D318476798008A80F0</key>
		<dict>
			<key>fileRef</key>
			<string>449143D218476798008A80F0</string>
			<key>isa</key>
			<string>PBXBuildFile</string>
		</dict>
		<key>449143D4184767A1008A80F0</key>
		<dict>
			<key>isa</key>
			<string>PBXFileReference</string>
			<key>lastKnownFileType</key>
			<string>wrapper.framework</string>
			<key>name</key>
			<string>Security.framework</string>
			<key>path</key>
			<string>System/Library/Frameworks/Security.framework</string>
			<key>sourceTree</key>
			<string>SDKROOT</string>
		</dict>
		<key>449143D5184767A1008A80F0</key>
		<dict>
			<key>fileRef</key>
			<string>449143D4184767A1008A80F0</string>
			<key>isa</key>
			<string>PBXBuildFile</string>
		</dict>
		<key>449143D6184767A7008A80F0</key>
		<dict>
			<key>isa</key>
			<string>PBXFileReference</string>
			<key>lastKnownFileType</key>
			<string>wrapper.framework</string>
			<key>name</key>
			<string>SystemConfiguration.framework</string>
			<key>path</key>
			<string>System/Library/Frameworks/SystemConfiguration.framework</string>
			<key>sourceTree</key>
			<string>SDKROOT</string>
		</dict>
		<key>449143D7184767A7008A80F0</key>
		<dict>
			<key>fileRef</key>
			<string>449143D6184767A7008A80F0</string>
			<key>isa</key>
			<string>PBXBuildFile</string>
		</dict>
		<key>44A54150184E1FCC00964F58</key>
		<dict>
			<key>isa</key>
			<string>PBXFileReference</string>
			<key>lastKnownFileType</key>
			<string>image.png</string>
			<key>path</key>
			<string>ovenBackground@2x.png</string>
			<key>sourceTree</key>
			<string>&lt;group&gt;</string>
		</dict>
		<key>44A54151184E1FCC00964F58</key>
		<dict>
			<key>fileRef</key>
			<string>44A54150184E1FCC00964F58</string>
			<key>isa</key>
			<string>PBXBuildFile</string>
		</dict>
		<key>44A691AB1844E02D005D4C5A</key>
		<dict>
			<key>children</key>
			<array>
				<string>14117C7A19DB26790070010C</string>
				<string>4473616B1856008B004274DF</string>
				<string>44AE6680184F4E1C00148398</string>
				<string>44AE6681184F4E1C00148398</string>
				<string>44AE6682184F4E1C00148398</string>
				<string>44AE6683184F4E1C00148398</string>
				<string>44AE6684184F4E1C00148398</string>
				<string>44A54150184E1FCC00964F58</string>
				<string>146489DC19CF276300C5A85C</string>
				<string>4454E98518EB3A7200CB1C87</string>
				<string>442CD148184F7A0900CE9031</string>
				<string>4454E98718EB3B2600CB1C87</string>
				<string>441B5819184E14F600839331</string>
				<string>1477CA521A2D2FE000816544</string>
				<string>1477CA531A2D2FE000816544</string>
				<string>1477CA561A2D3CF600816544</string>
				<string>1477CA581A2D4E7600816544</string>
				<string>1477CA591A2D4E7600816544</string>
				<string>1477CA5A1A2D4E7600816544</string>
				<string>1477CA5B1A2D4E7600816544</string>
				<string>1477CA5C1A2D4E7600816544</string>
				<string>1477CA5D1A2D4E7600816544</string>
				<string>1477CA5E1A2D4E7600816544</string>
				<string>1477CA5F1A2D4E7600816544</string>
			</array>
			<key>isa</key>
			<string>PBXGroup</string>
			<key>path</key>
			<string>Images</string>
			<key>sourceTree</key>
			<string>&lt;group&gt;</string>
		</dict>
		<key>44A691AE1844E0BB005D4C5A</key>
		<dict>
			<key>children</key>
			<array>
				<string>44A691B91844EF59005D4C5A</string>
				<string>44A691B31844E299005D4C5A</string>
				<string>44A691AF1844E0E6005D4C5A</string>
			</array>
			<key>isa</key>
			<string>PBXGroup</string>
			<key>path</key>
			<string>Library</string>
			<key>sourceTree</key>
			<string>&lt;group&gt;</string>
		</dict>
		<key>44A691AF1844E0E6005D4C5A</key>
		<dict>
			<key>children</key>
			<array>
				<string>44A691B01844E0F1005D4C5A</string>
				<string>44A691B11844E0F1005D4C5A</string>
			</array>
			<key>isa</key>
			<string>PBXGroup</string>
			<key>path</key>
			<string>Base</string>
			<key>sourceTree</key>
			<string>&lt;group&gt;</string>
		</dict>
		<key>44A691B01844E0F1005D4C5A</key>
		<dict>
			<key>fileEncoding</key>
			<string>4</string>
			<key>isa</key>
			<string>PBXFileReference</string>
			<key>lastKnownFileType</key>
			<string>sourcecode.c.h</string>
			<key>path</key>
			<string>HYPViewController.h</string>
			<key>sourceTree</key>
			<string>&lt;group&gt;</string>
		</dict>
		<key>44A691B11844E0F1005D4C5A</key>
		<dict>
			<key>fileEncoding</key>
			<string>4</string>
			<key>isa</key>
			<string>PBXFileReference</string>
			<key>lastKnownFileType</key>
			<string>sourcecode.c.objc</string>
			<key>path</key>
			<string>HYPViewController.m</string>
			<key>sourceTree</key>
			<string>&lt;group&gt;</string>
		</dict>
		<key>44A691B21844E0F1005D4C5A</key>
		<dict>
			<key>fileRef</key>
			<string>44A691B11844E0F1005D4C5A</string>
			<key>isa</key>
			<string>PBXBuildFile</string>
		</dict>
		<key>44A691B31844E299005D4C5A</key>
		<dict>
			<key>children</key>
			<array>
				<string>44A691B41844E2A1005D4C5A</string>
				<string>44A691B51844E2A1005D4C5A</string>
				<string>44088055184C803300935802</string>
				<string>44088056184C803300935802</string>
				<string>440D8FDD184CE5ED00BB5392</string>
			</array>
			<key>isa</key>
			<string>PBXGroup</string>
			<key>path</key>
			<string>Utils</string>
			<key>sourceTree</key>
			<string>&lt;group&gt;</string>
		</dict>
		<key>44A691B41844E2A1005D4C5A</key>
		<dict>
			<key>fileEncoding</key>
			<string>4</string>
			<key>isa</key>
			<string>PBXFileReference</string>
			<key>lastKnownFileType</key>
			<string>sourcecode.c.h</string>
			<key>path</key>
			<string>HYPUtils.h</string>
			<key>sourceTree</key>
			<string>&lt;group&gt;</string>
		</dict>
		<key>44A691B51844E2A1005D4C5A</key>
		<dict>
			<key>fileEncoding</key>
			<string>4</string>
			<key>isa</key>
			<string>PBXFileReference</string>
			<key>lastKnownFileType</key>
			<string>sourcecode.c.objc</string>
			<key>path</key>
			<string>HYPUtils.m</string>
			<key>sourceTree</key>
			<string>&lt;group&gt;</string>
		</dict>
		<key>44A691B61844E2A1005D4C5A</key>
		<dict>
			<key>fileRef</key>
			<string>44A691B51844E2A1005D4C5A</string>
			<key>isa</key>
			<string>PBXBuildFile</string>
		</dict>
		<key>44A691B91844EF59005D4C5A</key>
		<dict>
			<key>children</key>
			<array>
				<string>44A691BA1844EF68005D4C5A</string>
				<string>44A691BB1844EF68005D4C5A</string>
			</array>
			<key>isa</key>
			<string>PBXGroup</string>
			<key>path</key>
			<string>Categories</string>
			<key>sourceTree</key>
			<string>&lt;group&gt;</string>
		</dict>
		<key>44A691BA1844EF68005D4C5A</key>
		<dict>
			<key>fileEncoding</key>
			<string>4</string>
			<key>isa</key>
			<string>PBXFileReference</string>
			<key>lastKnownFileType</key>
			<string>sourcecode.c.h</string>
			<key>path</key>
			<string>UIColor+HYPExtensions.h</string>
			<key>sourceTree</key>
			<string>&lt;group&gt;</string>
		</dict>
		<key>44A691BB1844EF68005D4C5A</key>
		<dict>
			<key>fileEncoding</key>
			<string>4</string>
			<key>isa</key>
			<string>PBXFileReference</string>
			<key>lastKnownFileType</key>
			<string>sourcecode.c.objc</string>
			<key>path</key>
			<string>UIColor+HYPExtensions.m</string>
			<key>sourceTree</key>
			<string>&lt;group&gt;</string>
		</dict>
		<key>44A691BC1844EF68005D4C5A</key>
		<dict>
			<key>fileRef</key>
			<string>44A691BB1844EF68005D4C5A</string>
			<key>isa</key>
			<string>PBXBuildFile</string>
		</dict>
		<key>44AAE4051844C0690096BF52</key>
		<dict>
			<key>children</key>
			<array>
				<string>44AAE4171844C0690096BF52</string>
				<string>44AAE4301844C0690096BF52</string>
				<string>44AAE4101844C0690096BF52</string>
				<string>44AAE40F1844C0690096BF52</string>
				<string>BDF5048E6F88206565A3511A</string>
			</array>
			<key>isa</key>
			<string>PBXGroup</string>
			<key>sourceTree</key>
			<string>&lt;group&gt;</string>
		</dict>
		<key>44AAE4061844C0690096BF52</key>
		<dict>
			<key>attributes</key>
			<dict>
				<key>CLASSPREFIX</key>
				<string>HYP</string>
				<key>LastUpgradeCheck</key>
				<string>0510</string>
				<key>ORGANIZATIONNAME</key>
				<string>Hyper</string>
				<key>TargetAttributes</key>
				<dict>
					<key>44AAE40D1844C0690096BF52</key>
					<dict>
						<key>DevelopmentTeam</key>
						<string>XVAH95CHDC</string>
					</dict>
					<key>44AAE4281844C0690096BF52</key>
					<dict>
						<key>TestTargetID</key>
						<string>44AAE40D1844C0690096BF52</string>
					</dict>
				</dict>
			</dict>
			<key>buildConfigurationList</key>
			<string>44AAE4091844C0690096BF52</string>
			<key>compatibilityVersion</key>
			<string>Xcode 3.2</string>
			<key>developmentRegion</key>
			<string>English</string>
			<key>hasScannedForEncodings</key>
			<string>0</string>
			<key>isa</key>
			<string>PBXProject</string>
			<key>knownRegions</key>
			<array>
				<string>en</string>
				<string>es</string>
			</array>
			<key>mainGroup</key>
			<string>44AAE4051844C0690096BF52</string>
			<key>productRefGroup</key>
			<string>44AAE40F1844C0690096BF52</string>
			<key>projectDirPath</key>
			<string></string>
			<key>projectReferences</key>
			<array/>
			<key>projectRoot</key>
			<string></string>
			<key>targets</key>
			<array>
				<string>44AAE40D1844C0690096BF52</string>
				<string>44AAE4281844C0690096BF52</string>
			</array>
		</dict>
		<key>44AAE4091844C0690096BF52</key>
		<dict>
			<key>buildConfigurations</key>
			<array>
				<string>44AAE4381844C0690096BF52</string>
				<string>44AAE4391844C0690096BF52</string>
			</array>
			<key>defaultConfigurationIsVisible</key>
			<string>0</string>
			<key>defaultConfigurationName</key>
			<string>Release</string>
			<key>isa</key>
			<string>XCConfigurationList</string>
		</dict>
		<key>44AAE40A1844C0690096BF52</key>
		<dict>
			<key>buildActionMask</key>
			<string>2147483647</string>
			<key>files</key>
			<array>
				<string>446C9E301844CA4A005FD797</string>
				<string>44A691B21844E0F1005D4C5A</string>
				<string>146997401A2E856D00171115</string>
				<string>4408805A184C808500935802</string>
				<string>44909B5218EB1937002C812E</string>
				<string>44A691B61844E2A1005D4C5A</string>
				<string>14A7EB2319CFA29D0076920E</string>
				<string>146997431A2E858000171115</string>
				<string>1491334619CF65B100BA3587</string>
				<string>446C9E251844C4E2005FD797</string>
				<string>44AAE41E1844C0690096BF52</string>
				<string>44522B3A184DCA9A00C4B604</string>
				<string>44A691BC1844EF68005D4C5A</string>
				<string>1469973A1A2E7FB100171115</string>
				<string>442B140718462A8000D52AE1</string>
				<string>14117C7919DB1F1F0070010C</string>
				<string>44088057184C803300935802</string>
				<string>14117C7E19DB31AD0070010C</string>
				<string>146489E419CF2B8600C5A85C</string>
				<string>149B074519CDCCDE00D5F832</string>
				<string>44F8DA6A1846586C0007E083</string>
			</array>
			<key>isa</key>
			<string>PBXSourcesBuildPhase</string>
			<key>runOnlyForDeploymentPostprocessing</key>
			<string>0</string>
		</dict>
		<key>44AAE40B1844C0690096BF52</key>
		<dict>
			<key>buildActionMask</key>
			<string>2147483647</string>
			<key>files</key>
			<array>
				<string>14F3768218FFF7EA00359D38</string>
				<string>4409ADB918479AB300E349FF</string>
				<string>449143D7184767A7008A80F0</string>
				<string>449143D5184767A1008A80F0</string>
				<string>449143D318476798008A80F0</string>
				<string>449143D118476786008A80F0</string>
				<string>44AAE4141844C0690096BF52</string>
				<string>44AAE4161844C0690096BF52</string>
				<string>44AAE4121844C0690096BF52</string>
				<string>7FF53A6DE5D435465CD0DEEE</string>
			</array>
			<key>isa</key>
			<string>PBXFrameworksBuildPhase</string>
			<key>runOnlyForDeploymentPostprocessing</key>
			<string>0</string>
		</dict>
		<key>44AAE40C1844C0690096BF52</key>
		<dict>
			<key>buildActionMask</key>
			<string>2147483647</string>
			<key>files</key>
			<array>
				<string>1477CA611A2D4E7600816544</string>
				<string>44A54151184E1FCC00964F58</string>
				<string>1477CA651A2D4E7600816544</string>
				<string>1461778419CDBF1F00E46B1D</string>
				<string>1477CA571A2D3CF600816544</string>
				<string>441B5818184E061200839331</string>
				<string>4454E98818EB3B2600CB1C87</string>
				<string>1477CA551A2D2FE000816544</string>
				<string>442CD149184F7A0900CE9031</string>
				<string>44AE6687184F4E1C00148398</string>
				<string>44AE6685184F4E1C00148398</string>
				<string>1477CA641A2D4E7600816544</string>
				<string>44AE6688184F4E1C00148398</string>
				<string>44AAE41C1844C0690096BF52</string>
				<string>4473616C1856008B004274DF</string>
				<string>44AE6689184F4E1C00148398</string>
				<string>14CEFBAE18FFD6FB000952EC</string>
				<string>4454E98618EB3A7200CB1C87</string>
				<string>14117C7B19DB26790070010C</string>
				<string>441B581A184E14F600839331</string>
				<string>1477CA601A2D4E7600816544</string>
				<string>1477CA671A2D4E7600816544</string>
				<string>146489DD19CF276300C5A85C</string>
				<string>1477CA621A2D4E7600816544</string>
				<string>1477CA631A2D4E7600816544</string>
				<string>1477CA541A2D2FE000816544</string>
				<string>44AE6686184F4E1C00148398</string>
				<string>1477CA661A2D4E7600816544</string>
				<string>4465EE93184772F9006C145F</string>
			</array>
			<key>isa</key>
			<string>PBXResourcesBuildPhase</string>
			<key>runOnlyForDeploymentPostprocessing</key>
			<string>0</string>
		</dict>
		<key>44AAE40D1844C0690096BF52</key>
		<dict>
			<key>buildConfigurationList</key>
			<string>44AAE43A1844C0690096BF52</string>
			<key>buildPhases</key>
			<array>
				<string>7D8698BB7F221C7067FC110A</string>
				<string>44AAE40A1844C0690096BF52</string>
				<string>44AAE40B1844C0690096BF52</string>
				<string>44AAE40C1844C0690096BF52</string>
				<string>F9090E98373705974C2AF5B7</string>
			</array>
			<key>buildRules</key>
			<array/>
			<key>dependencies</key>
			<array/>
			<key>isa</key>
			<string>PBXNativeTarget</string>
			<key>name</key>
			<string>Thyme</string>
			<key>productName</key>
			<string>Thyme</string>
			<key>productReference</key>
			<string>44AAE40E1844C0690096BF52</string>
			<key>productType</key>
			<string>com.apple.product-type.application</string>
		</dict>
		<key>44AAE40E1844C0690096BF52</key>
		<dict>
			<key>explicitFileType</key>
			<string>wrapper.application</string>
			<key>includeInIndex</key>
			<string>0</string>
			<key>isa</key>
			<string>PBXFileReference</string>
			<key>path</key>
			<string>Thyme.app</string>
			<key>sourceTree</key>
			<string>BUILT_PRODUCTS_DIR</string>
		</dict>
		<key>44AAE40F1844C0690096BF52</key>
		<dict>
			<key>children</key>
			<array>
				<string>44AAE40E1844C0690096BF52</string>
				<string>44AAE4291844C0690096BF52</string>
			</array>
			<key>isa</key>
			<string>PBXGroup</string>
			<key>name</key>
			<string>Products</string>
			<key>sourceTree</key>
			<string>&lt;group&gt;</string>
		</dict>
		<key>44AAE4101844C0690096BF52</key>
		<dict>
			<key>children</key>
			<array>
				<string>14F3768118FFF7EA00359D38</string>
				<string>4409ADB818479AB300E349FF</string>
				<string>449143D6184767A7008A80F0</string>
				<string>449143D4184767A1008A80F0</string>
				<string>449143D218476798008A80F0</string>
				<string>449143D018476786008A80F0</string>
				<string>44AAE4111844C0690096BF52</string>
				<string>44AAE4131844C0690096BF52</string>
				<string>44AAE4151844C0690096BF52</string>
				<string>44AAE42A1844C0690096BF52</string>
				<string>BA495F7987D5467EEE452B3F</string>
			</array>
			<key>isa</key>
			<string>PBXGroup</string>
			<key>name</key>
			<string>Frameworks</string>
			<key>sourceTree</key>
			<string>&lt;group&gt;</string>
		</dict>
		<key>44AAE4111844C0690096BF52</key>
		<dict>
			<key>isa</key>
			<string>PBXFileReference</string>
			<key>lastKnownFileType</key>
			<string>wrapper.framework</string>
			<key>name</key>
			<string>Foundation.framework</string>
			<key>path</key>
			<string>System/Library/Frameworks/Foundation.framework</string>
			<key>sourceTree</key>
			<string>SDKROOT</string>
		</dict>
		<key>44AAE4121844C0690096BF52</key>
		<dict>
			<key>fileRef</key>
			<string>44AAE4111844C0690096BF52</string>
			<key>isa</key>
			<string>PBXBuildFile</string>
		</dict>
		<key>44AAE4131844C0690096BF52</key>
		<dict>
			<key>isa</key>
			<string>PBXFileReference</string>
			<key>lastKnownFileType</key>
			<string>wrapper.framework</string>
			<key>name</key>
			<string>CoreGraphics.framework</string>
			<key>path</key>
			<string>System/Library/Frameworks/CoreGraphics.framework</string>
			<key>sourceTree</key>
			<string>SDKROOT</string>
		</dict>
		<key>44AAE4141844C0690096BF52</key>
		<dict>
			<key>fileRef</key>
			<string>44AAE4131844C0690096BF52</string>
			<key>isa</key>
			<string>PBXBuildFile</string>
		</dict>
		<key>44AAE4151844C0690096BF52</key>
		<dict>
			<key>isa</key>
			<string>PBXFileReference</string>
			<key>lastKnownFileType</key>
			<string>wrapper.framework</string>
			<key>name</key>
			<string>UIKit.framework</string>
			<key>path</key>
			<string>System/Library/Frameworks/UIKit.framework</string>
			<key>sourceTree</key>
			<string>SDKROOT</string>
		</dict>
		<key>44AAE4161844C0690096BF52</key>
		<dict>
			<key>fileRef</key>
			<string>44AAE4151844C0690096BF52</string>
			<key>isa</key>
			<string>PBXBuildFile</string>
		</dict>
		<key>44AAE4171844C0690096BF52</key>
		<dict>
			<key>children</key>
			<array>
				<string>44F8DA6B18467C390007E083</string>
				<string>44A691AE1844E0BB005D4C5A</string>
				<string>446C9E221844C4E2005FD797</string>
				<string>146997331A2E7FB100171115</string>
				<string>446C9E261844C551005FD797</string>
				<string>446C9E271844C551005FD797</string>
				<string>146489DE19CF2B6700C5A85C</string>
				<string>442B13F9184614FC00D52AE1</string>
				<string>44A691AB1844E02D005D4C5A</string>
				<string>4465EE91184772F9006C145F</string>
				<string>1461778319CDBF1F00E46B1D</string>
				<string>44AAE4181844C0690096BF52</string>
			</array>
			<key>isa</key>
			<string>PBXGroup</string>
			<key>path</key>
			<string>Thyme</string>
			<key>sourceTree</key>
			<string>&lt;group&gt;</string>
		</dict>
		<key>44AAE4181844C0690096BF52</key>
		<dict>
			<key>children</key>
			<array>
				<string>14CEFBAB18FFD697000952EC</string>
				<string>44AAE4191844C0690096BF52</string>
				<string>44AAE41A1844C0690096BF52</string>
				<string>44AAE41D1844C0690096BF52</string>
				<string>44AAE41F1844C0690096BF52</string>
			</array>
			<key>isa</key>
			<string>PBXGroup</string>
			<key>name</key>
			<string>Supporting Files</string>
			<key>sourceTree</key>
			<string>&lt;group&gt;</string>
		</dict>
		<key>44AAE4191844C0690096BF52</key>
		<dict>
			<key>isa</key>
			<string>PBXFileReference</string>
			<key>lastKnownFileType</key>
			<string>text.plist.xml</string>
			<key>path</key>
			<string>Thyme-Info.plist</string>
			<key>sourceTree</key>
			<string>&lt;group&gt;</string>
		</dict>
		<key>44AAE41A1844C0690096BF52</key>
		<dict>
			<key>children</key>
			<array>
				<string>44AAE41B1844C0690096BF52</string>
			</array>
			<key>isa</key>
			<string>PBXVariantGroup</string>
			<key>name</key>
			<string>InfoPlist.strings</string>
			<key>sourceTree</key>
			<string>&lt;group&gt;</string>
		</dict>
		<key>44AAE41B1844C0690096BF52</key>
		<dict>
			<key>isa</key>
			<string>PBXFileReference</string>
			<key>lastKnownFileType</key>
			<string>text.plist.strings</string>
			<key>name</key>
			<string>en</string>
			<key>path</key>
			<string>en.lproj/InfoPlist.strings</string>
			<key>sourceTree</key>
			<string>&lt;group&gt;</string>
		</dict>
		<key>44AAE41C1844C0690096BF52</key>
		<dict>
			<key>fileRef</key>
			<string>44AAE41A1844C0690096BF52</string>
			<key>isa</key>
			<string>PBXBuildFile</string>
		</dict>
		<key>44AAE41D1844C0690096BF52</key>
		<dict>
			<key>isa</key>
			<string>PBXFileReference</string>
			<key>lastKnownFileType</key>
			<string>sourcecode.c.objc</string>
			<key>path</key>
			<string>main.m</string>
			<key>sourceTree</key>
			<string>&lt;group&gt;</string>
		</dict>
		<key>44AAE41E1844C0690096BF52</key>
		<dict>
			<key>fileRef</key>
			<string>44AAE41D1844C0690096BF52</string>
			<key>isa</key>
			<string>PBXBuildFile</string>
		</dict>
		<key>44AAE41F1844C0690096BF52</key>
		<dict>
			<key>isa</key>
			<string>PBXFileReference</string>
			<key>lastKnownFileType</key>
			<string>sourcecode.c.h</string>
			<key>path</key>
			<string>Thyme-Prefix.pch</string>
			<key>sourceTree</key>
			<string>&lt;group&gt;</string>
		</dict>
		<key>44AAE4251844C0690096BF52</key>
		<dict>
			<key>buildActionMask</key>
			<string>2147483647</string>
			<key>files</key>
			<array>
				<string>44AAE4371844C0690096BF52</string>
			</array>
			<key>isa</key>
			<string>PBXSourcesBuildPhase</string>
			<key>runOnlyForDeploymentPostprocessing</key>
			<string>0</string>
		</dict>
		<key>44AAE4261844C0690096BF52</key>
		<dict>
			<key>buildActionMask</key>
			<string>2147483647</string>
			<key>files</key>
			<array>
				<string>44AAE42B1844C0690096BF52</string>
				<string>44AAE42D1844C0690096BF52</string>
				<string>44AAE42C1844C0690096BF52</string>
			</array>
			<key>isa</key>
			<string>PBXFrameworksBuildPhase</string>
			<key>runOnlyForDeploymentPostprocessing</key>
			<string>0</string>
		</dict>
		<key>44AAE4271844C0690096BF52</key>
		<dict>
			<key>buildActionMask</key>
			<string>2147483647</string>
			<key>files</key>
			<array>
				<string>44AAE4351844C0690096BF52</string>
			</array>
			<key>isa</key>
			<string>PBXResourcesBuildPhase</string>
			<key>runOnlyForDeploymentPostprocessing</key>
			<string>0</string>
		</dict>
		<key>44AAE4281844C0690096BF52</key>
		<dict>
			<key>buildConfigurationList</key>
			<string>44AAE43D1844C0690096BF52</string>
			<key>buildPhases</key>
			<array>
				<string>44AAE4251844C0690096BF52</string>
				<string>44AAE4261844C0690096BF52</string>
				<string>44AAE4271844C0690096BF52</string>
			</array>
			<key>buildRules</key>
			<array/>
			<key>dependencies</key>
			<array>
				<string>44AAE42F1844C0690096BF52</string>
			</array>
			<key>isa</key>
			<string>PBXNativeTarget</string>
			<key>name</key>
			<string>ThymeTests</string>
			<key>productName</key>
			<string>ThymeTests</string>
			<key>productReference</key>
			<string>44AAE4291844C0690096BF52</string>
			<key>productType</key>
			<string>com.apple.product-type.bundle.unit-test</string>
		</dict>
		<key>44AAE4291844C0690096BF52</key>
		<dict>
			<key>explicitFileType</key>
			<string>wrapper.cfbundle</string>
			<key>includeInIndex</key>
			<string>0</string>
			<key>isa</key>
			<string>PBXFileReference</string>
			<key>path</key>
			<string>ThymeTests.xctest</string>
			<key>sourceTree</key>
			<string>BUILT_PRODUCTS_DIR</string>
		</dict>
		<key>44AAE42A1844C0690096BF52</key>
		<dict>
			<key>isa</key>
			<string>PBXFileReference</string>
			<key>lastKnownFileType</key>
			<string>wrapper.framework</string>
			<key>name</key>
			<string>XCTest.framework</string>
			<key>path</key>
			<string>Library/Frameworks/XCTest.framework</string>
			<key>sourceTree</key>
			<string>DEVELOPER_DIR</string>
		</dict>
		<key>44AAE42B1844C0690096BF52</key>
		<dict>
			<key>fileRef</key>
			<string>44AAE42A1844C0690096BF52</string>
			<key>isa</key>
			<string>PBXBuildFile</string>
		</dict>
		<key>44AAE42C1844C0690096BF52</key>
		<dict>
			<key>fileRef</key>
			<string>44AAE4111844C0690096BF52</string>
			<key>isa</key>
			<string>PBXBuildFile</string>
		</dict>
		<key>44AAE42D1844C0690096BF52</key>
		<dict>
			<key>fileRef</key>
			<string>44AAE4151844C0690096BF52</string>
			<key>isa</key>
			<string>PBXBuildFile</string>
		</dict>
		<key>44AAE42E1844C0690096BF52</key>
		<dict>
			<key>containerPortal</key>
			<string>44AAE4061844C0690096BF52</string>
			<key>isa</key>
			<string>PBXContainerItemProxy</string>
			<key>proxyType</key>
			<string>1</string>
			<key>remoteGlobalIDString</key>
			<string>44AAE40D1844C0690096BF52</string>
			<key>remoteInfo</key>
			<string>Thyme</string>
		</dict>
		<key>44AAE42F1844C0690096BF52</key>
		<dict>
			<key>isa</key>
			<string>PBXTargetDependency</string>
			<key>target</key>
			<string>44AAE40D1844C0690096BF52</string>
			<key>targetProxy</key>
			<string>44AAE42E1844C0690096BF52</string>
		</dict>
		<key>44AAE4301844C0690096BF52</key>
		<dict>
			<key>children</key>
			<array>
				<string>44AAE4361844C0690096BF52</string>
				<string>44AAE4311844C0690096BF52</string>
			</array>
			<key>isa</key>
			<string>PBXGroup</string>
			<key>path</key>
			<string>ThymeTests</string>
			<key>sourceTree</key>
			<string>&lt;group&gt;</string>
		</dict>
		<key>44AAE4311844C0690096BF52</key>
		<dict>
			<key>children</key>
			<array>
				<string>44AAE4321844C0690096BF52</string>
				<string>44AAE4331844C0690096BF52</string>
			</array>
			<key>isa</key>
			<string>PBXGroup</string>
			<key>name</key>
			<string>Supporting Files</string>
			<key>sourceTree</key>
			<string>&lt;group&gt;</string>
		</dict>
		<key>44AAE4321844C0690096BF52</key>
		<dict>
			<key>isa</key>
			<string>PBXFileReference</string>
			<key>lastKnownFileType</key>
			<string>text.plist.xml</string>
			<key>path</key>
			<string>ThymeTests-Info.plist</string>
			<key>sourceTree</key>
			<string>&lt;group&gt;</string>
		</dict>
		<key>44AAE4331844C0690096BF52</key>
		<dict>
			<key>children</key>
			<array>
				<string>44AAE4341844C0690096BF52</string>
			</array>
			<key>isa</key>
			<string>PBXVariantGroup</string>
			<key>name</key>
			<string>InfoPlist.strings</string>
			<key>sourceTree</key>
			<string>&lt;group&gt;</string>
		</dict>
		<key>44AAE4341844C0690096BF52</key>
		<dict>
			<key>isa</key>
			<string>PBXFileReference</string>
			<key>lastKnownFileType</key>
			<string>text.plist.strings</string>
			<key>name</key>
			<string>en</string>
			<key>path</key>
			<string>en.lproj/InfoPlist.strings</string>
			<key>sourceTree</key>
			<string>&lt;group&gt;</string>
		</dict>
		<key>44AAE4351844C0690096BF52</key>
		<dict>
			<key>fileRef</key>
			<string>44AAE4331844C0690096BF52</string>
			<key>isa</key>
			<string>PBXBuildFile</string>
		</dict>
		<key>44AAE4361844C0690096BF52</key>
		<dict>
			<key>isa</key>
			<string>PBXFileReference</string>
			<key>lastKnownFileType</key>
			<string>sourcecode.c.objc</string>
			<key>path</key>
			<string>ThymeTests.m</string>
			<key>sourceTree</key>
			<string>&lt;group&gt;</string>
		</dict>
		<key>44AAE4371844C0690096BF52</key>
		<dict>
			<key>fileRef</key>
			<string>44AAE4361844C0690096BF52</string>
			<key>isa</key>
			<string>PBXBuildFile</string>
		</dict>
		<key>44AAE4381844C0690096BF52</key>
		<dict>
			<key>buildSettings</key>
			<dict>
				<key>ALWAYS_SEARCH_USER_PATHS</key>
				<string>NO</string>
				<key>CLANG_CXX_LANGUAGE_STANDARD</key>
				<string>gnu++0x</string>
				<key>CLANG_CXX_LIBRARY</key>
				<string>libc++</string>
				<key>CLANG_ENABLE_MODULES</key>
				<string>YES</string>
				<key>CLANG_ENABLE_OBJC_ARC</key>
				<string>YES</string>
				<key>CLANG_WARN_BOOL_CONVERSION</key>
				<string>YES</string>
				<key>CLANG_WARN_CONSTANT_CONVERSION</key>
				<string>YES</string>
				<key>CLANG_WARN_DIRECT_OBJC_ISA_USAGE</key>
				<string>YES_ERROR</string>
				<key>CLANG_WARN_EMPTY_BODY</key>
				<string>YES</string>
				<key>CLANG_WARN_ENUM_CONVERSION</key>
				<string>YES</string>
				<key>CLANG_WARN_INT_CONVERSION</key>
				<string>YES</string>
				<key>CLANG_WARN_OBJC_ROOT_CLASS</key>
				<string>YES_ERROR</string>
				<key>CLANG_WARN__DUPLICATE_METHOD_MATCH</key>
				<string>YES</string>
				<key>COPY_PHASE_STRIP</key>
				<string>NO</string>
				<key>GCC_C_LANGUAGE_STANDARD</key>
				<string>gnu99</string>
				<key>GCC_DYNAMIC_NO_PIC</key>
				<string>NO</string>
				<key>GCC_OPTIMIZATION_LEVEL</key>
				<string>0</string>
				<key>GCC_PREPROCESSOR_DEFINITIONS</key>
				<array>
					<string>DEBUG=1</string>
					<string>$(inherited)</string>
				</array>
				<key>GCC_SYMBOLS_PRIVATE_EXTERN</key>
				<string>NO</string>
				<key>GCC_WARN_64_TO_32_BIT_CONVERSION</key>
				<string>YES</string>
				<key>GCC_WARN_ABOUT_RETURN_TYPE</key>
				<string>YES_ERROR</string>
				<key>GCC_WARN_UNDECLARED_SELECTOR</key>
				<string>YES</string>
				<key>GCC_WARN_UNINITIALIZED_AUTOS</key>
				<string>YES</string>
				<key>GCC_WARN_UNUSED_FUNCTION</key>
				<string>YES</string>
				<key>GCC_WARN_UNUSED_VARIABLE</key>
				<string>YES</string>
				<key>IPHONEOS_DEPLOYMENT_TARGET</key>
				<string>7.0</string>
				<key>ONLY_ACTIVE_ARCH</key>
				<string>YES</string>
				<key>PROVISIONING_PROFILE</key>
				<string>530c4df6-257e-4743-b884-ca7a5fcfc1be</string>
				<key>SDKROOT</key>
				<string>iphoneos</string>
			</dict>
			<key>isa</key>
			<string>XCBuildConfiguration</string>
			<key>name</key>
			<string>Debug</string>
		</dict>
		<key>44AAE4391844C0690096BF52</key>
		<dict>
			<key>buildSettings</key>
			<dict>
				<key>ALWAYS_SEARCH_USER_PATHS</key>
				<string>NO</string>
				<key>CLANG_CXX_LANGUAGE_STANDARD</key>
				<string>gnu++0x</string>
				<key>CLANG_CXX_LIBRARY</key>
				<string>libc++</string>
				<key>CLANG_ENABLE_MODULES</key>
				<string>YES</string>
				<key>CLANG_ENABLE_OBJC_ARC</key>
				<string>YES</string>
				<key>CLANG_WARN_BOOL_CONVERSION</key>
				<string>YES</string>
				<key>CLANG_WARN_CONSTANT_CONVERSION</key>
				<string>YES</string>
				<key>CLANG_WARN_DIRECT_OBJC_ISA_USAGE</key>
				<string>YES_ERROR</string>
				<key>CLANG_WARN_EMPTY_BODY</key>
				<string>YES</string>
				<key>CLANG_WARN_ENUM_CONVERSION</key>
				<string>YES</string>
				<key>CLANG_WARN_INT_CONVERSION</key>
				<string>YES</string>
				<key>CLANG_WARN_OBJC_ROOT_CLASS</key>
				<string>YES_ERROR</string>
				<key>CLANG_WARN__DUPLICATE_METHOD_MATCH</key>
				<string>YES</string>
				<key>COPY_PHASE_STRIP</key>
				<string>YES</string>
				<key>ENABLE_NS_ASSERTIONS</key>
				<string>NO</string>
				<key>GCC_C_LANGUAGE_STANDARD</key>
				<string>gnu99</string>
				<key>GCC_WARN_64_TO_32_BIT_CONVERSION</key>
				<string>YES</string>
				<key>GCC_WARN_ABOUT_RETURN_TYPE</key>
				<string>YES_ERROR</string>
				<key>GCC_WARN_UNDECLARED_SELECTOR</key>
				<string>YES</string>
				<key>GCC_WARN_UNINITIALIZED_AUTOS</key>
				<string>YES</string>
				<key>GCC_WARN_UNUSED_FUNCTION</key>
				<string>YES</string>
				<key>GCC_WARN_UNUSED_VARIABLE</key>
				<string>YES</string>
				<key>IPHONEOS_DEPLOYMENT_TARGET</key>
				<string>7.0</string>
				<key>PROVISIONING_PROFILE</key>
				<string>530c4df6-257e-4743-b884-ca7a5fcfc1be</string>
				<key>SDKROOT</key>
				<string>iphoneos</string>
				<key>VALIDATE_PRODUCT</key>
				<string>YES</string>
			</dict>
			<key>isa</key>
			<string>XCBuildConfiguration</string>
			<key>name</key>
			<string>Release</string>
		</dict>
		<key>44AAE43A1844C0690096BF52</key>
		<dict>
			<key>buildConfigurations</key>
			<array>
				<string>44AAE43B1844C0690096BF52</string>
				<string>44AAE43C1844C0690096BF52</string>
			</array>
			<key>defaultConfigurationIsVisible</key>
			<string>0</string>
			<key>defaultConfigurationName</key>
			<string>Release</string>
			<key>isa</key>
			<string>XCConfigurationList</string>
		</dict>
		<key>44AAE43B1844C0690096BF52</key>
		<dict>
			<key>baseConfigurationReference</key>
			<string>A9D9F641ECC772CBF75A9F45</string>
			<key>buildSettings</key>
			<dict>
				<key>ASSETCATALOG_COMPILER_APPICON_NAME</key>
				<string>AppIcon</string>
				<key>ASSETCATALOG_COMPILER_LAUNCHIMAGE_NAME</key>
				<string>LaunchImage</string>
				<key>CODE_SIGN_IDENTITY</key>
				<string>iPhone Developer</string>
				<key>FRAMEWORK_SEARCH_PATHS</key>
				<array>
					<string>$(inherited)</string>
					<string>$(SRCROOT)/Thyme/External/HockeySDK/HockeySDK.embeddedframework</string>
				</array>
				<key>GCC_PRECOMPILE_PREFIX_HEADER</key>
				<string>YES</string>
				<key>GCC_PREFIX_HEADER</key>
				<string>Thyme/Thyme-Prefix.pch</string>
				<key>INFOPLIST_FILE</key>
				<string>Thyme/Thyme-Info.plist</string>
				<key>IPHONEOS_DEPLOYMENT_TARGET</key>
				<string>7.0</string>
				<key>PRODUCT_NAME</key>
				<string>$(TARGET_NAME)</string>
				<key>PROVISIONING_PROFILE</key>
				<string>530c4df6-257e-4743-b884-ca7a5fcfc1be</string>
				<key>TARGETED_DEVICE_FAMILY</key>
				<string>1</string>
				<key>WRAPPER_EXTENSION</key>
				<string>app</string>
			</dict>
			<key>isa</key>
			<string>XCBuildConfiguration</string>
			<key>name</key>
			<string>Debug</string>
		</dict>
		<key>44AAE43C1844C0690096BF52</key>
		<dict>
			<key>baseConfigurationReference</key>
			<string>F04A96F97767EDE7A181C125</string>
			<key>buildSettings</key>
			<dict>
				<key>ASSETCATALOG_COMPILER_APPICON_NAME</key>
				<string>AppIcon</string>
				<key>ASSETCATALOG_COMPILER_LAUNCHIMAGE_NAME</key>
				<string>LaunchImage</string>
				<key>CODE_SIGN_IDENTITY</key>
				<string>iPhone Developer</string>
				<key>FRAMEWORK_SEARCH_PATHS</key>
				<array>
					<string>$(inherited)</string>
					<string>$(SRCROOT)/Thyme/External/HockeySDK/HockeySDK.embeddedframework</string>
				</array>
				<key>GCC_PRECOMPILE_PREFIX_HEADER</key>
				<string>YES</string>
				<key>GCC_PREFIX_HEADER</key>
				<string>Thyme/Thyme-Prefix.pch</string>
				<key>INFOPLIST_FILE</key>
				<string>Thyme/Thyme-Info.plist</string>
				<key>IPHONEOS_DEPLOYMENT_TARGET</key>
				<string>7.0</string>
				<key>PRODUCT_NAME</key>
				<string>$(TARGET_NAME)</string>
				<key>PROVISIONING_PROFILE</key>
				<string>530c4df6-257e-4743-b884-ca7a5fcfc1be</string>
				<key>TARGETED_DEVICE_FAMILY</key>
				<string>1</string>
				<key>WRAPPER_EXTENSION</key>
				<string>app</string>
			</dict>
			<key>isa</key>
			<string>XCBuildConfiguration</string>
			<key>name</key>
			<string>Release</string>
		</dict>
		<key>44AAE43D1844C0690096BF52</key>
		<dict>
			<key>buildConfigurations</key>
			<array>
				<string>44AAE43E1844C0690096BF52</string>
				<string>44AAE43F1844C0690096BF52</string>
			</array>
			<key>defaultConfigurationIsVisible</key>
			<string>0</string>
			<key>defaultConfigurationName</key>
			<string>Release</string>
			<key>isa</key>
			<string>XCConfigurationList</string>
		</dict>
		<key>44AAE43E1844C0690096BF52</key>
		<dict>
			<key>buildSettings</key>
			<dict>
				<key>BUNDLE_LOADER</key>
				<string>$(BUILT_PRODUCTS_DIR)/Thyme.app/Thyme</string>
				<key>FRAMEWORK_SEARCH_PATHS</key>
				<array>
					<string>$(SDKROOT)/Developer/Library/Frameworks</string>
					<string>$(inherited)</string>
					<string>$(DEVELOPER_FRAMEWORKS_DIR)</string>
				</array>
				<key>GCC_PRECOMPILE_PREFIX_HEADER</key>
				<string>YES</string>
				<key>GCC_PREFIX_HEADER</key>
				<string>Thyme/Thyme-Prefix.pch</string>
				<key>GCC_PREPROCESSOR_DEFINITIONS</key>
				<array>
					<string>DEBUG=1</string>
					<string>$(inherited)</string>
				</array>
				<key>INFOPLIST_FILE</key>
				<string>ThymeTests/ThymeTests-Info.plist</string>
				<key>PRODUCT_NAME</key>
				<string>$(TARGET_NAME)</string>
				<key>TEST_HOST</key>
				<string>$(BUNDLE_LOADER)</string>
				<key>WRAPPER_EXTENSION</key>
				<string>xctest</string>
			</dict>
			<key>isa</key>
			<string>XCBuildConfiguration</string>
			<key>name</key>
			<string>Debug</string>
		</dict>
		<key>44AAE43F1844C0690096BF52</key>
		<dict>
			<key>buildSettings</key>
			<dict>
				<key>BUNDLE_LOADER</key>
				<string>$(BUILT_PRODUCTS_DIR)/Thyme.app/Thyme</string>
				<key>FRAMEWORK_SEARCH_PATHS</key>
				<array>
					<string>$(SDKROOT)/Developer/Library/Frameworks</string>
					<string>$(inherited)</string>
					<string>$(DEVELOPER_FRAMEWORKS_DIR)</string>
				</array>
				<key>GCC_PRECOMPILE_PREFIX_HEADER</key>
				<string>YES</string>
				<key>GCC_PREFIX_HEADER</key>
				<string>Thyme/Thyme-Prefix.pch</string>
				<key>INFOPLIST_FILE</key>
				<string>ThymeTests/ThymeTests-Info.plist</string>
				<key>PRODUCT_NAME</key>
				<string>$(TARGET_NAME)</string>
				<key>TEST_HOST</key>
				<string>$(BUNDLE_LOADER)</string>
				<key>WRAPPER_EXTENSION</key>
				<string>xctest</string>
			</dict>
			<key>isa</key>
			<string>XCBuildConfiguration</string>
			<key>name</key>
			<string>Release</string>
		</dict>
		<key>44AE6680184F4E1C00148398</key>
		<dict>
			<key>isa</key>
			<string>PBXFileReference</string>
			<key>lastKnownFileType</key>
			<string>image.png</string>
			<key>path</key>
			<string>1-1@2x.png</string>
			<key>sourceTree</key>
			<string>&lt;group&gt;</string>
		</dict>
		<key>44AE6681184F4E1C00148398</key>
		<dict>
			<key>isa</key>
			<string>PBXFileReference</string>
			<key>lastKnownFileType</key>
			<string>image.png</string>
			<key>path</key>
			<string>1-0@2x.png</string>
			<key>sourceTree</key>
			<string>&lt;group&gt;</string>
		</dict>
		<key>44AE6682184F4E1C00148398</key>
		<dict>
			<key>isa</key>
			<string>PBXFileReference</string>
			<key>lastKnownFileType</key>
			<string>image.png</string>
			<key>path</key>
			<string>0-1@2x.png</string>
			<key>sourceTree</key>
			<string>&lt;group&gt;</string>
		</dict>
		<key>44AE6683184F4E1C00148398</key>
		<dict>
			<key>isa</key>
			<string>PBXFileReference</string>
			<key>lastKnownFileType</key>
			<string>image.png</string>
			<key>path</key>
			<string>0-0@2x.png</string>
			<key>sourceTree</key>
			<string>&lt;group&gt;</string>
		</dict>
		<key>44AE6684184F4E1C00148398</key>
		<dict>
			<key>isa</key>
			<string>PBXFileReference</string>
			<key>lastKnownFileType</key>
			<string>image.png</string>
			<key>path</key>
			<string>oven@2x.png</string>
			<key>sourceTree</key>
			<string>&lt;group&gt;</string>
		</dict>
		<key>44AE6685184F4E1C00148398</key>
		<dict>
			<key>fileRef</key>
			<string>44AE6680184F4E1C00148398</string>
			<key>isa</key>
			<string>PBXBuildFile</string>
		</dict>
		<key>44AE6686184F4E1C00148398</key>
		<dict>
			<key>fileRef</key>
			<string>44AE6681184F4E1C00148398</string>
			<key>isa</key>
			<string>PBXBuildFile</string>
		</dict>
		<key>44AE6687184F4E1C00148398</key>
		<dict>
			<key>fileRef</key>
			<string>44AE6682184F4E1C00148398</string>
			<key>isa</key>
			<string>PBXBuildFile</string>
		</dict>
		<key>44AE6688184F4E1C00148398</key>
		<dict>
			<key>fileRef</key>
			<string>44AE6683184F4E1C00148398</string>
			<key>isa</key>
			<string>PBXBuildFile</string>
		</dict>
		<key>44AE6689184F4E1C00148398</key>
		<dict>
			<key>fileRef</key>
			<string>44AE6684184F4E1C00148398</string>
			<key>isa</key>
			<string>PBXBuildFile</string>
		</dict>
		<key>44F8DA67184658450007E083</key>
		<dict>
			<key>children</key>
			<array>
				<string>44F8DA681846586C0007E083</string>
				<string>44F8DA691846586C0007E083</string>
				<string>44522B38184DCA9A00C4B604</string>
				<string>44522B39184DCA9A00C4B604</string>
			</array>
			<key>isa</key>
			<string>PBXGroup</string>
			<key>path</key>
			<string>Views</string>
			<key>sourceTree</key>
			<string>&lt;group&gt;</string>
		</dict>
		<key>44F8DA681846586C0007E083</key>
		<dict>
			<key>fileEncoding</key>
			<string>4</string>
			<key>isa</key>
			<string>PBXFileReference</string>
			<key>lastKnownFileType</key>
			<string>sourcecode.c.h</string>
			<key>path</key>
			<string>HYPTimerControl.h</string>
			<key>sourceTree</key>
			<string>&lt;group&gt;</string>
		</dict>
		<key>44F8DA691846586C0007E083</key>
		<dict>
			<key>fileEncoding</key>
			<string>4</string>
			<key>isa</key>
			<string>PBXFileReference</string>
			<key>lastKnownFileType</key>
			<string>sourcecode.c.objc</string>
			<key>path</key>
			<string>HYPTimerControl.m</string>
			<key>sourceTree</key>
			<string>&lt;group&gt;</string>
		</dict>
		<key>44F8DA6A1846586C0007E083</key>
		<dict>
			<key>fileRef</key>
			<string>44F8DA691846586C0007E083</string>
			<key>isa</key>
			<string>PBXBuildFile</string>
		</dict>
		<key>44F8DA6B18467C390007E083</key>
		<dict>
			<key>children</key>
			<array>
				<string>14117C7619DB1F1F0070010C</string>
				<string>1491334319CF65B100BA3587</string>
				<string>149B074219CDCCDE00D5F832</string>
				<string>44909B4F18EB1937002C812E</string>
			</array>
			<key>isa</key>
			<string>PBXGroup</string>
			<key>path</key>
			<string>External</string>
			<key>sourceTree</key>
			<string>&lt;group&gt;</string>
		</dict>
		<key>7D8698BB7F221C7067FC110A</key>
		<dict>
			<key>buildActionMask</key>
			<string>2147483647</string>
			<key>files</key>
			<array/>
			<key>inputPaths</key>
			<array/>
			<key>isa</key>
			<string>PBXShellScriptBuildPhase</string>
			<key>name</key>
			<string>Check Pods Manifest.lock</string>
			<key>outputPaths</key>
			<array/>
			<key>runOnlyForDeploymentPostprocessing</key>
			<string>0</string>
			<key>shellPath</key>
			<string>/bin/sh</string>
			<key>shellScript</key>
			<string>diff "${PODS_ROOT}/../Podfile.lock" "${PODS_ROOT}/Manifest.lock" &gt; /dev/null
if [[ $? != 0 ]] ; then
    cat &lt;&lt; EOM
error: The sandbox is not in sync with the Podfile.lock. Run 'pod install' or update your CocoaPods installation.
EOM
    exit 1
fi
</string>
			<key>showEnvVarsInLog</key>
			<string>0</string>
		</dict>
		<key>7FF53A6DE5D435465CD0DEEE</key>
		<dict>
			<key>fileRef</key>
			<string>BA495F7987D5467EEE452B3F</string>
			<key>isa</key>
			<string>PBXBuildFile</string>
		</dict>
		<key>A9D9F641ECC772CBF75A9F45</key>
		<dict>
			<key>includeInIndex</key>
			<string>1</string>
			<key>isa</key>
			<string>PBXFileReference</string>
			<key>lastKnownFileType</key>
			<string>text.xcconfig</string>
			<key>name</key>
			<string>Pods.debug.xcconfig</string>
			<key>path</key>
			<string>Pods/Target Support Files/Pods/Pods.debug.xcconfig</string>
			<key>sourceTree</key>
			<string>&lt;group&gt;</string>
		</dict>
		<key>BA495F7987D5467EEE452B3F</key>
		<dict>
			<key>explicitFileType</key>
			<string>archive.ar</string>
			<key>includeInIndex</key>
			<string>0</string>
			<key>isa</key>
			<string>PBXFileReference</string>
			<key>path</key>
			<string>libPods.a</string>
			<key>sourceTree</key>
			<string>BUILT_PRODUCTS_DIR</string>
		</dict>
		<key>BDF5048E6F88206565A3511A</key>
		<dict>
			<key>children</key>
			<array>
				<string>A9D9F641ECC772CBF75A9F45</string>
				<string>F04A96F97767EDE7A181C125</string>
			</array>
			<key>isa</key>
			<string>PBXGroup</string>
			<key>name</key>
			<string>Pods</string>
			<key>sourceTree</key>
			<string>&lt;group&gt;</string>
		</dict>
		<key>F04A96F97767EDE7A181C125</key>
		<dict>
			<key>includeInIndex</key>
			<string>1</string>
			<key>isa</key>
			<string>PBXFileReference</string>
			<key>lastKnownFileType</key>
			<string>text.xcconfig</string>
			<key>name</key>
			<string>Pods.release.xcconfig</string>
			<key>path</key>
			<string>Pods/Target Support Files/Pods/Pods.release.xcconfig</string>
			<key>sourceTree</key>
			<string>&lt;group&gt;</string>
		</dict>
		<key>F9090E98373705974C2AF5B7</key>
		<dict>
			<key>buildActionMask</key>
			<string>2147483647</string>
			<key>files</key>
			<array/>
			<key>inputPaths</key>
			<array/>
			<key>isa</key>
			<string>PBXShellScriptBuildPhase</string>
			<key>name</key>
			<string>Copy Pods Resources</string>
			<key>outputPaths</key>
			<array/>
			<key>runOnlyForDeploymentPostprocessing</key>
			<string>0</string>
			<key>shellPath</key>
			<string>/bin/sh</string>
			<key>shellScript</key>
			<string>"${SRCROOT}/Pods/Target Support Files/Pods/Pods-resources.sh"
</string>
			<key>showEnvVarsInLog</key>
			<string>0</string>
		</dict>
	</dict>
	<key>rootObject</key>
	<string>44AAE4061844C0690096BF52</string>
</dict>
</plist>
